// !$*UTF8*$!
{
	archiveVersion = 1;
	classes = {
	};
	objectVersion = 46;
	objects = {

/* Begin PBXBuildFile section */
		E307B61E149DC9AC00799029 /* gradient_bottom_black.png in Resources */ = {isa = PBXBuildFile; fileRef = E307B619149DC9AC00799029 /* gradient_bottom_black.png */; };
		E307B620149DC9AC00799029 /* gradient_bottom_white.png in Resources */ = {isa = PBXBuildFile; fileRef = E307B61A149DC9AC00799029 /* gradient_bottom_white.png */; };
		E307B622149DC9AC00799029 /* gradient_top_black.png in Resources */ = {isa = PBXBuildFile; fileRef = E307B61B149DC9AC00799029 /* gradient_top_black.png */; };
		E307B624149DC9AC00799029 /* gradient_top_white.png in Resources */ = {isa = PBXBuildFile; fileRef = E307B61C149DC9AC00799029 /* gradient_top_white.png */; };
		E307B62E149DCEF300799029 /* brightness_black.png in Resources */ = {isa = PBXBuildFile; fileRef = E307B625149DCEF300799029 /* brightness_black.png */; };
		E307B630149DCEF300799029 /* brightness_black@2x.png in Resources */ = {isa = PBXBuildFile; fileRef = E307B626149DCEF300799029 /* brightness_black@2x.png */; };
		E307B632149DCEF300799029 /* brightness_white.png in Resources */ = {isa = PBXBuildFile; fileRef = E307B627149DCEF300799029 /* brightness_white.png */; };
		E307B634149DCEF300799029 /* brightness_white@2x.png in Resources */ = {isa = PBXBuildFile; fileRef = E307B628149DCEF300799029 /* brightness_white@2x.png */; };
		E307B636149DCEF300799029 /* font_size_black.png in Resources */ = {isa = PBXBuildFile; fileRef = E307B629149DCEF300799029 /* font_size_black.png */; };
		E307B638149DCEF300799029 /* font_size_black@2x.png in Resources */ = {isa = PBXBuildFile; fileRef = E307B62A149DCEF300799029 /* font_size_black@2x.png */; };
		E307B63A149DCEF300799029 /* font_size_white.png in Resources */ = {isa = PBXBuildFile; fileRef = E307B62B149DCEF300799029 /* font_size_white.png */; };
		E307B63C149DCEF300799029 /* font_size_white@2x.png in Resources */ = {isa = PBXBuildFile; fileRef = E307B62C149DCEF300799029 /* font_size_white@2x.png */; };
		E31CFEFB14804A2A0004377F /* CachedPassageSpec.mm in Sources */ = {isa = PBXBuildFile; fileRef = E31CFEF914804A2A0004377F /* CachedPassageSpec.mm */; };
		E320951014D259FF00B83CDE /* main.m in Sources */ = {isa = PBXBuildFile; fileRef = E372ECC9147EB81C008400D3 /* main.m */; };
		E320951114D259FF00B83CDE /* AppDelegate.m in Sources */ = {isa = PBXBuildFile; fileRef = E372ECCD147EB81C008400D3 /* AppDelegate.m */; };
		E320951214D259FF00B83CDE /* FPCBReader.xcdatamodeld in Sources */ = {isa = PBXBuildFile; fileRef = E372ECCF147EB81C008400D3 /* FPCBReader.xcdatamodeld */; };
		E320951314D259FF00B83CDE /* CachedPassage.m in Sources */ = {isa = PBXBuildFile; fileRef = E3E8DB7D148044CF005DC2FE /* CachedPassage.m */; };
		E320951414D259FF00B83CDE /* DataManager.m in Sources */ = {isa = PBXBuildFile; fileRef = E3E8DB81148044D9005DC2FE /* DataManager.m */; };
		E320951514D259FF00B83CDE /* Reader.m in Sources */ = {isa = PBXBuildFile; fileRef = E3E8DB83148044D9005DC2FE /* Reader.m */; };
		E320951614D259FF00B83CDE /* Reading.m in Sources */ = {isa = PBXBuildFile; fileRef = E343943514836338006343F4 /* Reading.m */; };
		E320951714D259FF00B83CDE /* NSDate+FPCBReader.m in Sources */ = {isa = PBXBuildFile; fileRef = E343943C1484AE16006343F4 /* NSDate+FPCBReader.m */; };
		E320951814D259FF00B83CDE /* ReaderTabBarController.m in Sources */ = {isa = PBXBuildFile; fileRef = E34394441484BB3D006343F4 /* ReaderTabBarController.m */; };
		E320951914D259FF00B83CDE /* ReadingViewController.m in Sources */ = {isa = PBXBuildFile; fileRef = E343945614853F8F006343F4 /* ReadingViewController.m */; };
		E320951A14D259FF00B83CDE /* TodaysReadingDataSource.m in Sources */ = {isa = PBXBuildFile; fileRef = E343945D148544BF006343F4 /* TodaysReadingDataSource.m */; };
		E320951B14D259FF00B83CDE /* NextUnreadReadingDataSource.m in Sources */ = {isa = PBXBuildFile; fileRef = E3CB81C8148729F70073AD87 /* NextUnreadReadingDataSource.m */; };
		E320951C14D259FF00B83CDE /* AllReadingsTableViewController.m in Sources */ = {isa = PBXBuildFile; fileRef = E3CB81F4148B25B10073AD87 /* AllReadingsTableViewController.m */; };
		E320951D14D259FF00B83CDE /* ReadingCell.m in Sources */ = {isa = PBXBuildFile; fileRef = E3CB81FF148B278D0073AD87 /* ReadingCell.m */; };
		E320951E14D259FF00B83CDE /* NavigationReadingViewController.m in Sources */ = {isa = PBXBuildFile; fileRef = E3CB820B148B30E30073AD87 /* NavigationReadingViewController.m */; };
		E320951F14D259FF00B83CDE /* SpecificReadingDataSource.m in Sources */ = {isa = PBXBuildFile; fileRef = E3CB820F148B40E10073AD87 /* SpecificReadingDataSource.m */; };
		E320952014D259FF00B83CDE /* Settings.m in Sources */ = {isa = PBXBuildFile; fileRef = E3CB8213148BCC480073AD87 /* Settings.m */; };
		E320952114D259FF00B83CDE /* SettingsController.m in Sources */ = {isa = PBXBuildFile; fileRef = E3CB8217148BCD580073AD87 /* SettingsController.m */; };
		E320952214D259FF00B83CDE /* ReaderSplitViewController.m in Sources */ = {isa = PBXBuildFile; fileRef = E3F25F35149B070A00D5602C /* ReaderSplitViewController.m */; };
		E320952314D259FF00B83CDE /* DetailController.m in Sources */ = {isa = PBXBuildFile; fileRef = E3F25F39149B07F800D5602C /* DetailController.m */; };
		E320952414D259FF00B83CDE /* MasterController.m in Sources */ = {isa = PBXBuildFile; fileRef = E3F25F40149B080800D5602C /* MasterController.m */; };
		E320952514D259FF00B83CDE /* UncachedPassage.m in Sources */ = {isa = PBXBuildFile; fileRef = E3BE065E14C3476300E4B642 /* UncachedPassage.m */; };
		E320952714D259FF00B83CDE /* UIKit.framework in Frameworks */ = {isa = PBXBuildFile; fileRef = E372ECBB147EB81C008400D3 /* UIKit.framework */; };
		E320952814D259FF00B83CDE /* Foundation.framework in Frameworks */ = {isa = PBXBuildFile; fileRef = E372ECBD147EB81C008400D3 /* Foundation.framework */; };
		E320952914D259FF00B83CDE /* CoreGraphics.framework in Frameworks */ = {isa = PBXBuildFile; fileRef = E372ECBF147EB81C008400D3 /* CoreGraphics.framework */; };
		E320952A14D259FF00B83CDE /* CoreData.framework in Frameworks */ = {isa = PBXBuildFile; fileRef = E372ECC1147EB81C008400D3 /* CoreData.framework */; };
		E320952C14D259FF00B83CDE /* InfoPlist.strings in Resources */ = {isa = PBXBuildFile; fileRef = E372ECC6147EB81C008400D3 /* InfoPlist.strings */; };
		E320952D14D259FF00B83CDE /* ReadingViewController.xib in Resources */ = {isa = PBXBuildFile; fileRef = E34394501484BD6C006343F4 /* ReadingViewController.xib */; };
		E320952E14D259FF00B83CDE /* ReadingPlan.plist in Resources */ = {isa = PBXBuildFile; fileRef = E343946114860EE2006343F4 /* ReadingPlan.plist */; };
		E320952F14D259FF00B83CDE /* AllReadingsTableViewController.xib in Resources */ = {isa = PBXBuildFile; fileRef = E3CB81F5148B25B10073AD87 /* AllReadingsTableViewController.xib */; };
		E320953014D259FF00B83CDE /* ReadingCell.xib in Resources */ = {isa = PBXBuildFile; fileRef = E3CB8205148B285B0073AD87 /* ReadingCell.xib */; };
		E320953114D259FF00B83CDE /* SettingsController.xib in Resources */ = {isa = PBXBuildFile; fileRef = E3CB8218148BCD580073AD87 /* SettingsController.xib */; };
		E320953214D259FF00B83CDE /* Read.png in Resources */ = {isa = PBXBuildFile; fileRef = E3CB821D148BDB5E0073AD87 /* Read.png */; };
		E320953314D259FF00B83CDE /* Read@2x.png in Resources */ = {isa = PBXBuildFile; fileRef = E3CB821E148BDB5E0073AD87 /* Read@2x.png */; };
		E320953414D259FF00B83CDE /* Unread.png in Resources */ = {isa = PBXBuildFile; fileRef = E3CB821F148BDB5E0073AD87 /* Unread.png */; };
		E320953514D259FF00B83CDE /* Unread@2x.png in Resources */ = {isa = PBXBuildFile; fileRef = E3CB8220148BDB5E0073AD87 /* Unread@2x.png */; };
		E320953614D259FF00B83CDE /* Settings.png in Resources */ = {isa = PBXBuildFile; fileRef = E3CB8229148BF1DE0073AD87 /* Settings.png */; };
		E320953714D259FF00B83CDE /* Settings@2x.png in Resources */ = {isa = PBXBuildFile; fileRef = E3CB822A148BF1DE0073AD87 /* Settings@2x.png */; };
		E320953814D259FF00B83CDE /* UnreadTab.png in Resources */ = {isa = PBXBuildFile; fileRef = E3CB822F148BF3330073AD87 /* UnreadTab.png */; };
		E320953914D259FF00B83CDE /* UnreadTab@2x.png in Resources */ = {isa = PBXBuildFile; fileRef = E3CB8230148BF3330073AD87 /* UnreadTab@2x.png */; };
		E320953A14D259FF00B83CDE /* All.png in Resources */ = {isa = PBXBuildFile; fileRef = E3CB8235148BF5550073AD87 /* All.png */; };
		E320953B14D259FF00B83CDE /* All@2x.png in Resources */ = {isa = PBXBuildFile; fileRef = E3CB8236148BF5550073AD87 /* All@2x.png */; };
		E320953C14D259FF00B83CDE /* Back.png in Resources */ = {isa = PBXBuildFile; fileRef = E3CB8241148C032C0073AD87 /* Back.png */; };
		E320953D14D259FF00B83CDE /* Back@2x.png in Resources */ = {isa = PBXBuildFile; fileRef = E3CB8242148C032C0073AD87 /* Back@2x.png */; };
		E320953E14D259FF00B83CDE /* Icon.png in Resources */ = {isa = PBXBuildFile; fileRef = E3CB824D148C0BC20073AD87 /* Icon.png */; };
		E320953F14D259FF00B83CDE /* DetailController.xib in Resources */ = {isa = PBXBuildFile; fileRef = E3F25F3A149B07F800D5602C /* DetailController.xib */; };
		E320954014D259FF00B83CDE /* MasterController.xib in Resources */ = {isa = PBXBuildFile; fileRef = E3F25F41149B080800D5602C /* MasterController.xib */; };
		E320954114D259FF00B83CDE /* gradient_bottom_black.png in Resources */ = {isa = PBXBuildFile; fileRef = E307B619149DC9AC00799029 /* gradient_bottom_black.png */; };
		E320954214D259FF00B83CDE /* gradient_bottom_white.png in Resources */ = {isa = PBXBuildFile; fileRef = E307B61A149DC9AC00799029 /* gradient_bottom_white.png */; };
		E320954314D259FF00B83CDE /* gradient_top_black.png in Resources */ = {isa = PBXBuildFile; fileRef = E307B61B149DC9AC00799029 /* gradient_top_black.png */; };
		E320954414D259FF00B83CDE /* gradient_top_white.png in Resources */ = {isa = PBXBuildFile; fileRef = E307B61C149DC9AC00799029 /* gradient_top_white.png */; };
		E320954514D259FF00B83CDE /* brightness_black.png in Resources */ = {isa = PBXBuildFile; fileRef = E307B625149DCEF300799029 /* brightness_black.png */; };
		E320954614D259FF00B83CDE /* brightness_black@2x.png in Resources */ = {isa = PBXBuildFile; fileRef = E307B626149DCEF300799029 /* brightness_black@2x.png */; };
		E320954714D259FF00B83CDE /* brightness_white.png in Resources */ = {isa = PBXBuildFile; fileRef = E307B627149DCEF300799029 /* brightness_white.png */; };
		E320954814D259FF00B83CDE /* brightness_white@2x.png in Resources */ = {isa = PBXBuildFile; fileRef = E307B628149DCEF300799029 /* brightness_white@2x.png */; };
		E320954914D259FF00B83CDE /* font_size_black.png in Resources */ = {isa = PBXBuildFile; fileRef = E307B629149DCEF300799029 /* font_size_black.png */; };
		E320954A14D259FF00B83CDE /* font_size_black@2x.png in Resources */ = {isa = PBXBuildFile; fileRef = E307B62A149DCEF300799029 /* font_size_black@2x.png */; };
		E320954B14D259FF00B83CDE /* font_size_white.png in Resources */ = {isa = PBXBuildFile; fileRef = E307B62B149DCEF300799029 /* font_size_white.png */; };
		E320954C14D259FF00B83CDE /* font_size_white@2x.png in Resources */ = {isa = PBXBuildFile; fileRef = E307B62C149DCEF300799029 /* font_size_white@2x.png */; };
		E320954D14D259FF00B83CDE /* today_black.png in Resources */ = {isa = PBXBuildFile; fileRef = E3225DAA149E6A3C005984FB /* today_black.png */; };
		E320954E14D259FF00B83CDE /* today_black@2x.png in Resources */ = {isa = PBXBuildFile; fileRef = E3225DAB149E6A3C005984FB /* today_black@2x.png */; };
		E320954F14D259FF00B83CDE /* today_white.png in Resources */ = {isa = PBXBuildFile; fileRef = E3225DAC149E6A3C005984FB /* today_white.png */; };
		E320955014D259FF00B83CDE /* today_white@2xpng.png in Resources */ = {isa = PBXBuildFile; fileRef = E3225DAD149E6A3C005984FB /* today_white@2xpng.png */; };
		E320955114D259FF00B83CDE /* Today.png in Resources */ = {isa = PBXBuildFile; fileRef = E3225DB6149E6A61005984FB /* Today.png */; };
		E320955214D259FF00B83CDE /* Today@2x.png in Resources */ = {isa = PBXBuildFile; fileRef = E3225DB7149E6A61005984FB /* Today@2x.png */; };
		E320955314D259FF00B83CDE /* Icon@2x.png in Resources */ = {isa = PBXBuildFile; fileRef = E3225DBC149E6CD0005984FB /* Icon@2x.png */; };
		E320955414D259FF00B83CDE /* Icon-72.png in Resources */ = {isa = PBXBuildFile; fileRef = E3225DBF149E6D15005984FB /* Icon-72.png */; };
		E320955514D259FF00B83CDE /* Default-Landscape~ipad.png in Resources */ = {isa = PBXBuildFile; fileRef = E3225DC8149E70BC005984FB /* Default-Landscape~ipad.png */; };
		E320955614D259FF00B83CDE /* Default@2x~iphone.png in Resources */ = {isa = PBXBuildFile; fileRef = E3225DC9149E70BC005984FB /* Default@2x~iphone.png */; };
		E320955714D259FF00B83CDE /* Default~iphone.png in Resources */ = {isa = PBXBuildFile; fileRef = E3225DCA149E70BC005984FB /* Default~iphone.png */; };
		E3225DAF149E6A3C005984FB /* today_black.png in Resources */ = {isa = PBXBuildFile; fileRef = E3225DAA149E6A3C005984FB /* today_black.png */; };
		E3225DB1149E6A3C005984FB /* today_black@2x.png in Resources */ = {isa = PBXBuildFile; fileRef = E3225DAB149E6A3C005984FB /* today_black@2x.png */; };
		E3225DB3149E6A3C005984FB /* today_white.png in Resources */ = {isa = PBXBuildFile; fileRef = E3225DAC149E6A3C005984FB /* today_white.png */; };
		E3225DB5149E6A3C005984FB /* today_white@2xpng.png in Resources */ = {isa = PBXBuildFile; fileRef = E3225DAD149E6A3C005984FB /* today_white@2xpng.png */; };
		E3225DB9149E6A61005984FB /* Today.png in Resources */ = {isa = PBXBuildFile; fileRef = E3225DB6149E6A61005984FB /* Today.png */; };
		E3225DBB149E6A61005984FB /* Today@2x.png in Resources */ = {isa = PBXBuildFile; fileRef = E3225DB7149E6A61005984FB /* Today@2x.png */; };
		E3225DBE149E6CD0005984FB /* Icon@2x.png in Resources */ = {isa = PBXBuildFile; fileRef = E3225DBC149E6CD0005984FB /* Icon@2x.png */; };
		E3225DC1149E6D15005984FB /* Icon-72.png in Resources */ = {isa = PBXBuildFile; fileRef = E3225DBF149E6D15005984FB /* Icon-72.png */; };
		E3225DCC149E70BC005984FB /* Default-Landscape~ipad.png in Resources */ = {isa = PBXBuildFile; fileRef = E3225DC8149E70BC005984FB /* Default-Landscape~ipad.png */; };
		E3225DCE149E70BC005984FB /* Default@2x~iphone.png in Resources */ = {isa = PBXBuildFile; fileRef = E3225DC9149E70BC005984FB /* Default@2x~iphone.png */; };
		E3225DD0149E70BC005984FB /* Default~iphone.png in Resources */ = {isa = PBXBuildFile; fileRef = E3225DCA149E70BC005984FB /* Default~iphone.png */; };
		E3407A4014D266A4003D2C3A /* SecretKey.m in Sources */ = {isa = PBXBuildFile; fileRef = E3407A3F14D266A4003D2C3A /* SecretKey.m */; };
		E343940814833DA0006343F4 /* CachedPassage+Spec.mm in Sources */ = {isa = PBXBuildFile; fileRef = E343940714833DA0006343F4 /* CachedPassage+Spec.mm */; };
		E343940B14834177006343F4 /* NotificationObserver.m in Sources */ = {isa = PBXBuildFile; fileRef = E343940A14834177006343F4 /* NotificationObserver.m */; };
		E343940E14834DAA006343F4 /* libPivotalSpecHelperKit-StaticLib.a in Frameworks */ = {isa = PBXBuildFile; fileRef = E343940314833C9C006343F4 /* libPivotalSpecHelperKit-StaticLib.a */; };
		E343943714836338006343F4 /* Reading.m in Sources */ = {isa = PBXBuildFile; fileRef = E343943514836338006343F4 /* Reading.m */; };
		E34394391483E38C006343F4 /* ReadingSpec.mm in Sources */ = {isa = PBXBuildFile; fileRef = E34394381483E38B006343F4 /* ReadingSpec.mm */; };
		E343943E1484AE16006343F4 /* NSDate+FPCBReader.m in Sources */ = {isa = PBXBuildFile; fileRef = E343943C1484AE16006343F4 /* NSDate+FPCBReader.m */; };
		E34394461484BB3D006343F4 /* ReaderTabBarController.m in Sources */ = {isa = PBXBuildFile; fileRef = E34394441484BB3D006343F4 /* ReaderTabBarController.m */; };
		E34394541484BD6C006343F4 /* ReadingViewController.xib in Resources */ = {isa = PBXBuildFile; fileRef = E34394501484BD6C006343F4 /* ReadingViewController.xib */; };
		E343945814853F8F006343F4 /* ReadingViewController.m in Sources */ = {isa = PBXBuildFile; fileRef = E343945614853F8F006343F4 /* ReadingViewController.m */; };
		E343945B14854359006343F4 /* Todays_ReadingViewControllerSpec.mm in Sources */ = {isa = PBXBuildFile; fileRef = E343945A14854359006343F4 /* Todays_ReadingViewControllerSpec.mm */; };
		E343945F148544BF006343F4 /* TodaysReadingDataSource.m in Sources */ = {isa = PBXBuildFile; fileRef = E343945D148544BF006343F4 /* TodaysReadingDataSource.m */; };
		E372ECE9147EB92D008400D3 /* UIKit.framework in Frameworks */ = {isa = PBXBuildFile; fileRef = E372ECBB147EB81C008400D3 /* UIKit.framework */; };
		E372ECEA147EB92E008400D3 /* Foundation.framework in Frameworks */ = {isa = PBXBuildFile; fileRef = E372ECBD147EB81C008400D3 /* Foundation.framework */; };
		E372ECEB147EB92E008400D3 /* CoreGraphics.framework in Frameworks */ = {isa = PBXBuildFile; fileRef = E372ECBF147EB81C008400D3 /* CoreGraphics.framework */; };
		E372ECF1147EB92E008400D3 /* InfoPlist.strings in Resources */ = {isa = PBXBuildFile; fileRef = E372ECEF147EB92E008400D3 /* InfoPlist.strings */; };
		E372ECF3147EB92E008400D3 /* main.m in Sources */ = {isa = PBXBuildFile; fileRef = E372ECF2147EB92E008400D3 /* main.m */; };
		E3BE066014C3476300E4B642 /* UncachedPassage.m in Sources */ = {isa = PBXBuildFile; fileRef = E3BE065E14C3476300E4B642 /* UncachedPassage.m */; };
		E3BE066214C3477900E4B642 /* UncachedPassageSpec.mm in Sources */ = {isa = PBXBuildFile; fileRef = E3BE066114C3477900E4B642 /* UncachedPassageSpec.mm */; };
		E3CB81C6148729B80073AD87 /* NextUnread_ReadingViewControllerSpec.mm in Sources */ = {isa = PBXBuildFile; fileRef = E3CB81C5148729B80073AD87 /* NextUnread_ReadingViewControllerSpec.mm */; };
		E3CB81CA148729F80073AD87 /* NextUnreadReadingDataSource.m in Sources */ = {isa = PBXBuildFile; fileRef = E3CB81C8148729F70073AD87 /* NextUnreadReadingDataSource.m */; };
		E3CB81CD1487E2740073AD87 /* UIPageViewController+Spec.m in Sources */ = {isa = PBXBuildFile; fileRef = E3CB81CC1487E2740073AD87 /* UIPageViewController+Spec.m */; };
		E3CB81F7148B25B10073AD87 /* AllReadingsTableViewController.m in Sources */ = {isa = PBXBuildFile; fileRef = E3CB81F4148B25B10073AD87 /* AllReadingsTableViewController.m */; };
		E3CB81F9148B25B10073AD87 /* AllReadingsTableViewController.xib in Resources */ = {isa = PBXBuildFile; fileRef = E3CB81F5148B25B10073AD87 /* AllReadingsTableViewController.xib */; };
		E3CB8201148B278E0073AD87 /* ReadingCell.m in Sources */ = {isa = PBXBuildFile; fileRef = E3CB81FF148B278D0073AD87 /* ReadingCell.m */; };
		E3CB8207148B285B0073AD87 /* ReadingCell.xib in Resources */ = {isa = PBXBuildFile; fileRef = E3CB8205148B285B0073AD87 /* ReadingCell.xib */; };
		E3CB8209148B2B840073AD87 /* AllReadingsTableViewControllerSpec.mm in Sources */ = {isa = PBXBuildFile; fileRef = E3CB8208148B2B840073AD87 /* AllReadingsTableViewControllerSpec.mm */; };
		E3CB820D148B30E40073AD87 /* NavigationReadingViewController.m in Sources */ = {isa = PBXBuildFile; fileRef = E3CB820B148B30E30073AD87 /* NavigationReadingViewController.m */; };
		E3CB8211148B40E10073AD87 /* SpecificReadingDataSource.m in Sources */ = {isa = PBXBuildFile; fileRef = E3CB820F148B40E10073AD87 /* SpecificReadingDataSource.m */; };
		E3CB8215148BCC480073AD87 /* Settings.m in Sources */ = {isa = PBXBuildFile; fileRef = E3CB8213148BCC480073AD87 /* Settings.m */; };
		E3CB821A148BCD590073AD87 /* SettingsController.m in Sources */ = {isa = PBXBuildFile; fileRef = E3CB8217148BCD580073AD87 /* SettingsController.m */; };
		E3CB821C148BCD590073AD87 /* SettingsController.xib in Resources */ = {isa = PBXBuildFile; fileRef = E3CB8218148BCD580073AD87 /* SettingsController.xib */; };
		E3CB8222148BDB5E0073AD87 /* Read.png in Resources */ = {isa = PBXBuildFile; fileRef = E3CB821D148BDB5E0073AD87 /* Read.png */; };
		E3CB8224148BDB5E0073AD87 /* Read@2x.png in Resources */ = {isa = PBXBuildFile; fileRef = E3CB821E148BDB5E0073AD87 /* Read@2x.png */; };
		E3CB8226148BDB5E0073AD87 /* Unread.png in Resources */ = {isa = PBXBuildFile; fileRef = E3CB821F148BDB5E0073AD87 /* Unread.png */; };
		E3CB8228148BDB5E0073AD87 /* Unread@2x.png in Resources */ = {isa = PBXBuildFile; fileRef = E3CB8220148BDB5E0073AD87 /* Unread@2x.png */; };
		E3CB822C148BF1DE0073AD87 /* Settings.png in Resources */ = {isa = PBXBuildFile; fileRef = E3CB8229148BF1DE0073AD87 /* Settings.png */; };
		E3CB822E148BF1DE0073AD87 /* Settings@2x.png in Resources */ = {isa = PBXBuildFile; fileRef = E3CB822A148BF1DE0073AD87 /* Settings@2x.png */; };
		E3CB8232148BF3330073AD87 /* UnreadTab.png in Resources */ = {isa = PBXBuildFile; fileRef = E3CB822F148BF3330073AD87 /* UnreadTab.png */; };
		E3CB8234148BF3330073AD87 /* UnreadTab@2x.png in Resources */ = {isa = PBXBuildFile; fileRef = E3CB8230148BF3330073AD87 /* UnreadTab@2x.png */; };
		E3CB8238148BF5550073AD87 /* All.png in Resources */ = {isa = PBXBuildFile; fileRef = E3CB8235148BF5550073AD87 /* All.png */; };
		E3CB823A148BF5550073AD87 /* All@2x.png in Resources */ = {isa = PBXBuildFile; fileRef = E3CB8236148BF5550073AD87 /* All@2x.png */; };
		E3CB8244148C032C0073AD87 /* Back.png in Resources */ = {isa = PBXBuildFile; fileRef = E3CB8241148C032C0073AD87 /* Back.png */; };
		E3CB8246148C032C0073AD87 /* Back@2x.png in Resources */ = {isa = PBXBuildFile; fileRef = E3CB8242148C032C0073AD87 /* Back@2x.png */; };
		E3CB8250148C0BC20073AD87 /* Icon.png in Resources */ = {isa = PBXBuildFile; fileRef = E3CB824D148C0BC20073AD87 /* Icon.png */; };
		E3E8DB67147EBE5F005DC2FE /* Cedar-iPhone.framework in Frameworks */ = {isa = PBXBuildFile; fileRef = E3E8DB66147EBE5F005DC2FE /* Cedar-iPhone.framework */; };
		E3E8DB71147ED0A6005DC2FE /* CoreData.framework in Frameworks */ = {isa = PBXBuildFile; fileRef = E372ECC1147EB81C008400D3 /* CoreData.framework */; };
		E3E8DB74147ED119005DC2FE /* SpecEnvironment.m in Sources */ = {isa = PBXBuildFile; fileRef = E3E8DB73147ED119005DC2FE /* SpecEnvironment.m */; };
		E3E8DB79148043E6005DC2FE /* FPCBReader.xcdatamodeld in Sources */ = {isa = PBXBuildFile; fileRef = E372ECCF147EB81C008400D3 /* FPCBReader.xcdatamodeld */; };
		E3E8DB7F148044CF005DC2FE /* CachedPassage.m in Sources */ = {isa = PBXBuildFile; fileRef = E3E8DB7D148044CF005DC2FE /* CachedPassage.m */; };
		E3E8DB85148044D9005DC2FE /* DataManager.m in Sources */ = {isa = PBXBuildFile; fileRef = E3E8DB81148044D9005DC2FE /* DataManager.m */; };
		E3E8DB87148044D9005DC2FE /* Reader.m in Sources */ = {isa = PBXBuildFile; fileRef = E3E8DB83148044D9005DC2FE /* Reader.m */; };
		E3F25F37149B070A00D5602C /* ReaderSplitViewController.m in Sources */ = {isa = PBXBuildFile; fileRef = E3F25F35149B070A00D5602C /* ReaderSplitViewController.m */; };
		E3F25F3C149B07F800D5602C /* DetailController.m in Sources */ = {isa = PBXBuildFile; fileRef = E3F25F39149B07F800D5602C /* DetailController.m */; };
		E3F25F3E149B07F800D5602C /* DetailController.xib in Resources */ = {isa = PBXBuildFile; fileRef = E3F25F3A149B07F800D5602C /* DetailController.xib */; };
		E3F25F43149B080800D5602C /* MasterController.m in Sources */ = {isa = PBXBuildFile; fileRef = E3F25F40149B080800D5602C /* MasterController.m */; };
		E3F25F45149B080800D5602C /* MasterController.xib in Resources */ = {isa = PBXBuildFile; fileRef = E3F25F41149B080800D5602C /* MasterController.xib */; };
/* End PBXBuildFile section */

/* Begin PBXContainerItemProxy section */
		E34393FA14833C9C006343F4 /* PBXContainerItemProxy */ = {
			isa = PBXContainerItemProxy;
			containerPortal = E34393EA14833C9C006343F4 /* PivotalCoreKit.xcodeproj */;
			proxyType = 2;
			remoteGlobalIDString = AEF15AC511C97E8B005B4F92;
			remoteInfo = PivotalCoreKit;
		};
		E34393FC14833C9C006343F4 /* PBXContainerItemProxy */ = {
			isa = PBXContainerItemProxy;
			containerPortal = E34393EA14833C9C006343F4 /* PivotalCoreKit.xcodeproj */;
			proxyType = 2;
			remoteGlobalIDString = AEF15AE011C97F15005B4F92;
			remoteInfo = PivotalSpecHelperKit;
		};
		E34393FE14833C9C006343F4 /* PBXContainerItemProxy */ = {
			isa = PBXContainerItemProxy;
			containerPortal = E34393EA14833C9C006343F4 /* PivotalCoreKit.xcodeproj */;
			proxyType = 2;
			remoteGlobalIDString = AECC4BBA11C6E2280027AB1B;
			remoteInfo = Spec;
		};
		E343940014833C9C006343F4 /* PBXContainerItemProxy */ = {
			isa = PBXContainerItemProxy;
			containerPortal = E34393EA14833C9C006343F4 /* PivotalCoreKit.xcodeproj */;
			proxyType = 2;
			remoteGlobalIDString = AE138E7011E542BF004E825D;
			remoteInfo = "PivotalCoreKit-StaticLib";
		};
		E343940214833C9C006343F4 /* PBXContainerItemProxy */ = {
			isa = PBXContainerItemProxy;
			containerPortal = E34393EA14833C9C006343F4 /* PivotalCoreKit.xcodeproj */;
			proxyType = 2;
			remoteGlobalIDString = AE138F4611E548B5004E825D;
			remoteInfo = "PivotalSpecHelperKit-StaticLib";
		};
		E343940414833C9C006343F4 /* PBXContainerItemProxy */ = {
			isa = PBXContainerItemProxy;
			containerPortal = E34393EA14833C9C006343F4 /* PivotalCoreKit.xcodeproj */;
			proxyType = 2;
			remoteGlobalIDString = 6696DFC21266DE6C00111E23;
			remoteInfo = UISpec;
		};
		E343940C14834DA3006343F4 /* PBXContainerItemProxy */ = {
			isa = PBXContainerItemProxy;
			containerPortal = E34393EA14833C9C006343F4 /* PivotalCoreKit.xcodeproj */;
			proxyType = 1;
			remoteGlobalIDString = AE138F4511E548B5004E825D;
			remoteInfo = "PivotalSpecHelperKit-StaticLib";
		};
		E3E8DB53147EBD74005DC2FE /* PBXContainerItemProxy */ = {
			isa = PBXContainerItemProxy;
			containerPortal = E3E8DB3F147EBD74005DC2FE /* Cedar.xcodeproj */;
			proxyType = 2;
			remoteGlobalIDString = AEEE1FB611DC271300029872;
			remoteInfo = Cedar;
		};
		E3E8DB55147EBD74005DC2FE /* PBXContainerItemProxy */ = {
			isa = PBXContainerItemProxy;
			containerPortal = E3E8DB3F147EBD74005DC2FE /* Cedar.xcodeproj */;
			proxyType = 2;
			remoteGlobalIDString = AEEE218611DC28E200029872;
			remoteInfo = Specs;
		};
		E3E8DB57147EBD74005DC2FE /* PBXContainerItemProxy */ = {
			isa = PBXContainerItemProxy;
			containerPortal = E3E8DB3F147EBD74005DC2FE /* Cedar.xcodeproj */;
			proxyType = 2;
			remoteGlobalIDString = 96A07F0813F276640021974D;
			remoteInfo = FocusedSpecs;
		};
		E3E8DB59147EBD74005DC2FE /* PBXContainerItemProxy */ = {
			isa = PBXContainerItemProxy;
			containerPortal = E3E8DB3F147EBD74005DC2FE /* Cedar.xcodeproj */;
			proxyType = 2;
			remoteGlobalIDString = AEEE222911DC2B0600029872;
			remoteInfo = "Cedar-StaticLib";
		};
		E3E8DB5B147EBD74005DC2FE /* PBXContainerItemProxy */ = {
			isa = PBXContainerItemProxy;
			containerPortal = E3E8DB3F147EBD74005DC2FE /* Cedar.xcodeproj */;
			proxyType = 2;
			remoteGlobalIDString = AEEE227611DC2CF900029872;
			remoteInfo = iPhoneSpecs;
		};
		E3E8DB5D147EBD74005DC2FE /* PBXContainerItemProxy */ = {
			isa = PBXContainerItemProxy;
			containerPortal = E3E8DB3F147EBD74005DC2FE /* Cedar.xcodeproj */;
			proxyType = 2;
			remoteGlobalIDString = 96B5F9F6144A81A7000A6A5D;
			remoteInfo = OCUnitApp;
		};
		E3E8DB5F147EBD74005DC2FE /* PBXContainerItemProxy */ = {
			isa = PBXContainerItemProxy;
			containerPortal = E3E8DB3F147EBD74005DC2FE /* Cedar.xcodeproj */;
			proxyType = 2;
			remoteGlobalIDString = 96B5FA11144A81A8000A6A5D;
			remoteInfo = OCUnitAppTests;
		};
		E3E8DB61147EBD74005DC2FE /* PBXContainerItemProxy */ = {
			isa = PBXContainerItemProxy;
			containerPortal = E3E8DB3F147EBD74005DC2FE /* Cedar.xcodeproj */;
			proxyType = 2;
			remoteGlobalIDString = 96158A86144A915E005895CE;
			remoteInfo = OCUnitAppLogicTests;
		};
/* End PBXContainerItemProxy section */

/* Begin PBXFileReference section */
		E307B619149DC9AC00799029 /* gradient_bottom_black.png */ = {isa = PBXFileReference; lastKnownFileType = image.png; path = gradient_bottom_black.png; sourceTree = "<group>"; };
		E307B61A149DC9AC00799029 /* gradient_bottom_white.png */ = {isa = PBXFileReference; lastKnownFileType = image.png; path = gradient_bottom_white.png; sourceTree = "<group>"; };
		E307B61B149DC9AC00799029 /* gradient_top_black.png */ = {isa = PBXFileReference; lastKnownFileType = image.png; path = gradient_top_black.png; sourceTree = "<group>"; };
		E307B61C149DC9AC00799029 /* gradient_top_white.png */ = {isa = PBXFileReference; lastKnownFileType = image.png; path = gradient_top_white.png; sourceTree = "<group>"; };
		E307B625149DCEF300799029 /* brightness_black.png */ = {isa = PBXFileReference; lastKnownFileType = image.png; path = brightness_black.png; sourceTree = "<group>"; };
		E307B626149DCEF300799029 /* brightness_black@2x.png */ = {isa = PBXFileReference; lastKnownFileType = image.png; path = "brightness_black@2x.png"; sourceTree = "<group>"; };
		E307B627149DCEF300799029 /* brightness_white.png */ = {isa = PBXFileReference; lastKnownFileType = image.png; path = brightness_white.png; sourceTree = "<group>"; };
		E307B628149DCEF300799029 /* brightness_white@2x.png */ = {isa = PBXFileReference; lastKnownFileType = image.png; path = "brightness_white@2x.png"; sourceTree = "<group>"; };
		E307B629149DCEF300799029 /* font_size_black.png */ = {isa = PBXFileReference; lastKnownFileType = image.png; path = font_size_black.png; sourceTree = "<group>"; };
		E307B62A149DCEF300799029 /* font_size_black@2x.png */ = {isa = PBXFileReference; lastKnownFileType = image.png; path = "font_size_black@2x.png"; sourceTree = "<group>"; };
		E307B62B149DCEF300799029 /* font_size_white.png */ = {isa = PBXFileReference; lastKnownFileType = image.png; path = font_size_white.png; sourceTree = "<group>"; };
		E307B62C149DCEF300799029 /* font_size_white@2x.png */ = {isa = PBXFileReference; lastKnownFileType = image.png; path = "font_size_white@2x.png"; sourceTree = "<group>"; };
		E31CFEF914804A2A0004377F /* CachedPassageSpec.mm */ = {isa = PBXFileReference; fileEncoding = 4; lastKnownFileType = sourcecode.cpp.objcpp; path = CachedPassageSpec.mm; sourceTree = "<group>"; };
		E320955D14D259FF00B83CDE /* fpcbreader.app */ = {isa = PBXFileReference; explicitFileType = wrapper.application; includeInIndex = 0; path = fpcbreader.app; sourceTree = BUILT_PRODUCTS_DIR; };
		E320955F14D259FF00B83CDE /* fpcbreader-Info.plist */ = {isa = PBXFileReference; lastKnownFileType = text.plist.xml; name = "fpcbreader-Info.plist"; path = "/Users/onsi/Documents/Development/FPCBReader/fpcbreader-Info.plist"; sourceTree = "<absolute>"; };
		E3225DAA149E6A3C005984FB /* today_black.png */ = {isa = PBXFileReference; lastKnownFileType = image.png; path = today_black.png; sourceTree = "<group>"; };
		E3225DAB149E6A3C005984FB /* today_black@2x.png */ = {isa = PBXFileReference; lastKnownFileType = image.png; path = "today_black@2x.png"; sourceTree = "<group>"; };
		E3225DAC149E6A3C005984FB /* today_white.png */ = {isa = PBXFileReference; lastKnownFileType = image.png; path = today_white.png; sourceTree = "<group>"; };
		E3225DAD149E6A3C005984FB /* today_white@2xpng.png */ = {isa = PBXFileReference; lastKnownFileType = image.png; path = "today_white@2xpng.png"; sourceTree = "<group>"; };
		E3225DB6149E6A61005984FB /* Today.png */ = {isa = PBXFileReference; lastKnownFileType = image.png; path = Today.png; sourceTree = "<group>"; };
		E3225DB7149E6A61005984FB /* Today@2x.png */ = {isa = PBXFileReference; lastKnownFileType = image.png; path = "Today@2x.png"; sourceTree = "<group>"; };
		E3225DBC149E6CD0005984FB /* Icon@2x.png */ = {isa = PBXFileReference; lastKnownFileType = image.png; path = "Icon@2x.png"; sourceTree = "<group>"; };
		E3225DBF149E6D15005984FB /* Icon-72.png */ = {isa = PBXFileReference; lastKnownFileType = image.png; path = "Icon-72.png"; sourceTree = "<group>"; };
		E3225DC8149E70BC005984FB /* Default-Landscape~ipad.png */ = {isa = PBXFileReference; lastKnownFileType = image.png; path = "Default-Landscape~ipad.png"; sourceTree = "<group>"; };
		E3225DC9149E70BC005984FB /* Default@2x~iphone.png */ = {isa = PBXFileReference; lastKnownFileType = image.png; path = "Default@2x~iphone.png"; sourceTree = "<group>"; };
		E3225DCA149E70BC005984FB /* Default~iphone.png */ = {isa = PBXFileReference; lastKnownFileType = image.png; path = "Default~iphone.png"; sourceTree = "<group>"; };
		E3407A3F14D266A4003D2C3A /* SecretKey.m */ = {isa = PBXFileReference; fileEncoding = 4; lastKnownFileType = sourcecode.c.objc; path = SecretKey.m; sourceTree = "<group>"; };
		E34393EA14833C9C006343F4 /* PivotalCoreKit.xcodeproj */ = {isa = PBXFileReference; lastKnownFileType = "wrapper.pb-project"; name = PivotalCoreKit.xcodeproj; path = Externals/PivotalCoreKit/PivotalCoreKit.xcodeproj; sourceTree = "<group>"; };
		E343940614833DA0006343F4 /* CachedPassage+Spec.h */ = {isa = PBXFileReference; fileEncoding = 4; lastKnownFileType = sourcecode.c.h; path = "CachedPassage+Spec.h"; sourceTree = "<group>"; };
		E343940714833DA0006343F4 /* CachedPassage+Spec.mm */ = {isa = PBXFileReference; fileEncoding = 4; lastKnownFileType = sourcecode.cpp.objcpp; path = "CachedPassage+Spec.mm"; sourceTree = "<group>"; };
		E343940914834177006343F4 /* NotificationObserver.h */ = {isa = PBXFileReference; fileEncoding = 4; lastKnownFileType = sourcecode.c.h; path = NotificationObserver.h; sourceTree = "<group>"; };
		E343940A14834177006343F4 /* NotificationObserver.m */ = {isa = PBXFileReference; fileEncoding = 4; lastKnownFileType = sourcecode.c.objc; path = NotificationObserver.m; sourceTree = "<group>"; };
		E343943414836338006343F4 /* Reading.h */ = {isa = PBXFileReference; fileEncoding = 4; lastKnownFileType = sourcecode.c.h; path = Reading.h; sourceTree = "<group>"; };
		E343943514836338006343F4 /* Reading.m */ = {isa = PBXFileReference; fileEncoding = 4; lastKnownFileType = sourcecode.c.objc; path = Reading.m; sourceTree = "<group>"; };
		E34394381483E38B006343F4 /* ReadingSpec.mm */ = {isa = PBXFileReference; fileEncoding = 4; lastKnownFileType = sourcecode.cpp.objcpp; path = ReadingSpec.mm; sourceTree = "<group>"; };
		E343943A1483EC22006343F4 /* SpecEnvironment.h */ = {isa = PBXFileReference; fileEncoding = 4; lastKnownFileType = sourcecode.c.h; path = SpecEnvironment.h; sourceTree = "<group>"; };
		E343943B1484AE16006343F4 /* NSDate+FPCBReader.h */ = {isa = PBXFileReference; fileEncoding = 4; lastKnownFileType = sourcecode.c.h; path = "NSDate+FPCBReader.h"; sourceTree = "<group>"; };
		E343943C1484AE16006343F4 /* NSDate+FPCBReader.m */ = {isa = PBXFileReference; fileEncoding = 4; lastKnownFileType = sourcecode.c.objc; path = "NSDate+FPCBReader.m"; sourceTree = "<group>"; };
		E34394431484BB3D006343F4 /* ReaderTabBarController.h */ = {isa = PBXFileReference; fileEncoding = 4; lastKnownFileType = sourcecode.c.h; name = ReaderTabBarController.h; path = App/UI/ReaderTabBarController.h; sourceTree = SOURCE_ROOT; };
		E34394441484BB3D006343F4 /* ReaderTabBarController.m */ = {isa = PBXFileReference; fileEncoding = 4; lastKnownFileType = sourcecode.c.objc; name = ReaderTabBarController.m; path = App/UI/ReaderTabBarController.m; sourceTree = SOURCE_ROOT; };
		E34394501484BD6C006343F4 /* ReadingViewController.xib */ = {isa = PBXFileReference; fileEncoding = 4; lastKnownFileType = file.xib; path = ReadingViewController.xib; sourceTree = "<group>"; };
		E343945514853F8F006343F4 /* ReadingViewController.h */ = {isa = PBXFileReference; fileEncoding = 4; lastKnownFileType = sourcecode.c.h; path = ReadingViewController.h; sourceTree = "<group>"; };
		E343945614853F8F006343F4 /* ReadingViewController.m */ = {isa = PBXFileReference; fileEncoding = 4; lastKnownFileType = sourcecode.c.objc; path = ReadingViewController.m; sourceTree = "<group>"; };
		E343945A14854359006343F4 /* Todays_ReadingViewControllerSpec.mm */ = {isa = PBXFileReference; fileEncoding = 4; lastKnownFileType = sourcecode.cpp.objcpp; path = Todays_ReadingViewControllerSpec.mm; sourceTree = "<group>"; };
		E343945C148544BE006343F4 /* TodaysReadingDataSource.h */ = {isa = PBXFileReference; fileEncoding = 4; lastKnownFileType = sourcecode.c.h; path = TodaysReadingDataSource.h; sourceTree = "<group>"; };
		E343945D148544BF006343F4 /* TodaysReadingDataSource.m */ = {isa = PBXFileReference; fileEncoding = 4; lastKnownFileType = sourcecode.c.objc; path = TodaysReadingDataSource.m; sourceTree = "<group>"; };
		E34394601485C9E3006343F4 /* ReadingDataSource.h */ = {isa = PBXFileReference; fileEncoding = 4; lastKnownFileType = sourcecode.c.h; path = ReadingDataSource.h; sourceTree = "<group>"; };
		E343946114860EE2006343F4 /* ReadingPlan.plist */ = {isa = PBXFileReference; fileEncoding = 4; lastKnownFileType = text.plist.xml; path = ReadingPlan.plist; sourceTree = "<group>"; };
		E372ECBB147EB81C008400D3 /* UIKit.framework */ = {isa = PBXFileReference; lastKnownFileType = wrapper.framework; name = UIKit.framework; path = System/Library/Frameworks/UIKit.framework; sourceTree = SDKROOT; };
		E372ECBD147EB81C008400D3 /* Foundation.framework */ = {isa = PBXFileReference; lastKnownFileType = wrapper.framework; name = Foundation.framework; path = System/Library/Frameworks/Foundation.framework; sourceTree = SDKROOT; };
		E372ECBF147EB81C008400D3 /* CoreGraphics.framework */ = {isa = PBXFileReference; lastKnownFileType = wrapper.framework; name = CoreGraphics.framework; path = System/Library/Frameworks/CoreGraphics.framework; sourceTree = SDKROOT; };
		E372ECC1147EB81C008400D3 /* CoreData.framework */ = {isa = PBXFileReference; lastKnownFileType = wrapper.framework; name = CoreData.framework; path = System/Library/Frameworks/CoreData.framework; sourceTree = SDKROOT; };
		E372ECC7147EB81C008400D3 /* en */ = {isa = PBXFileReference; lastKnownFileType = text.plist.strings; name = en; path = en.lproj/InfoPlist.strings; sourceTree = "<group>"; };
		E372ECC9147EB81C008400D3 /* main.m */ = {isa = PBXFileReference; lastKnownFileType = sourcecode.c.objc; path = main.m; sourceTree = "<group>"; };
		E372ECCB147EB81C008400D3 /* FPCBReader-Prefix.pch */ = {isa = PBXFileReference; lastKnownFileType = sourcecode.c.h; path = "FPCBReader-Prefix.pch"; sourceTree = "<group>"; };
		E372ECCC147EB81C008400D3 /* AppDelegate.h */ = {isa = PBXFileReference; lastKnownFileType = sourcecode.c.h; path = AppDelegate.h; sourceTree = "<group>"; };
		E372ECCD147EB81C008400D3 /* AppDelegate.m */ = {isa = PBXFileReference; lastKnownFileType = sourcecode.c.objc; path = AppDelegate.m; sourceTree = "<group>"; };
		E372ECD0147EB81C008400D3 /* FPCBReader.xcdatamodel */ = {isa = PBXFileReference; lastKnownFileType = wrapper.xcdatamodel; path = FPCBReader.xcdatamodel; sourceTree = "<group>"; };
		E372ECE7147EB92D008400D3 /* UISpecs.app */ = {isa = PBXFileReference; explicitFileType = wrapper.application; includeInIndex = 0; path = UISpecs.app; sourceTree = BUILT_PRODUCTS_DIR; };
		E372ECEE147EB92E008400D3 /* UISpecs-Info.plist */ = {isa = PBXFileReference; lastKnownFileType = text.plist.xml; path = "UISpecs-Info.plist"; sourceTree = "<group>"; };
		E372ECF0147EB92E008400D3 /* en */ = {isa = PBXFileReference; lastKnownFileType = text.plist.strings; name = en; path = en.lproj/InfoPlist.strings; sourceTree = "<group>"; };
		E372ECF2147EB92E008400D3 /* main.m */ = {isa = PBXFileReference; lastKnownFileType = sourcecode.c.objc; path = main.m; sourceTree = "<group>"; };
		E372ECF4147EB92E008400D3 /* UISpecs-Prefix.pch */ = {isa = PBXFileReference; lastKnownFileType = sourcecode.c.h; path = "UISpecs-Prefix.pch"; sourceTree = "<group>"; };
		E3BE065C14C3466700E4B642 /* Passage.h */ = {isa = PBXFileReference; fileEncoding = 4; lastKnownFileType = sourcecode.c.h; path = Passage.h; sourceTree = "<group>"; };
		E3BE065D14C3476300E4B642 /* UncachedPassage.h */ = {isa = PBXFileReference; fileEncoding = 4; lastKnownFileType = sourcecode.c.h; path = UncachedPassage.h; sourceTree = "<group>"; };
		E3BE065E14C3476300E4B642 /* UncachedPassage.m */ = {isa = PBXFileReference; fileEncoding = 4; lastKnownFileType = sourcecode.c.objc; path = UncachedPassage.m; sourceTree = "<group>"; };
		E3BE066114C3477900E4B642 /* UncachedPassageSpec.mm */ = {isa = PBXFileReference; fileEncoding = 4; lastKnownFileType = sourcecode.cpp.objcpp; path = UncachedPassageSpec.mm; sourceTree = "<group>"; };
		E3CB81C5148729B80073AD87 /* NextUnread_ReadingViewControllerSpec.mm */ = {isa = PBXFileReference; fileEncoding = 4; lastKnownFileType = sourcecode.cpp.objcpp; path = NextUnread_ReadingViewControllerSpec.mm; sourceTree = "<group>"; };
		E3CB81C7148729F70073AD87 /* NextUnreadReadingDataSource.h */ = {isa = PBXFileReference; fileEncoding = 4; lastKnownFileType = sourcecode.c.h; path = NextUnreadReadingDataSource.h; sourceTree = "<group>"; };
		E3CB81C8148729F70073AD87 /* NextUnreadReadingDataSource.m */ = {isa = PBXFileReference; fileEncoding = 4; lastKnownFileType = sourcecode.c.objc; path = NextUnreadReadingDataSource.m; sourceTree = "<group>"; };
		E3CB81CB1487E2740073AD87 /* UIPageViewController+Spec.h */ = {isa = PBXFileReference; fileEncoding = 4; lastKnownFileType = sourcecode.c.h; path = "UIPageViewController+Spec.h"; sourceTree = "<group>"; };
		E3CB81CC1487E2740073AD87 /* UIPageViewController+Spec.m */ = {isa = PBXFileReference; fileEncoding = 4; lastKnownFileType = sourcecode.c.objc; path = "UIPageViewController+Spec.m"; sourceTree = "<group>"; };
		E3CB81F3148B25B10073AD87 /* AllReadingsTableViewController.h */ = {isa = PBXFileReference; fileEncoding = 4; lastKnownFileType = sourcecode.c.h; path = AllReadingsTableViewController.h; sourceTree = "<group>"; };
		E3CB81F4148B25B10073AD87 /* AllReadingsTableViewController.m */ = {isa = PBXFileReference; fileEncoding = 4; lastKnownFileType = sourcecode.c.objc; path = AllReadingsTableViewController.m; sourceTree = "<group>"; };
		E3CB81F5148B25B10073AD87 /* AllReadingsTableViewController.xib */ = {isa = PBXFileReference; fileEncoding = 4; lastKnownFileType = file.xib; path = AllReadingsTableViewController.xib; sourceTree = "<group>"; };
		E3CB81FE148B278D0073AD87 /* ReadingCell.h */ = {isa = PBXFileReference; fileEncoding = 4; lastKnownFileType = sourcecode.c.h; path = ReadingCell.h; sourceTree = "<group>"; };
		E3CB81FF148B278D0073AD87 /* ReadingCell.m */ = {isa = PBXFileReference; fileEncoding = 4; lastKnownFileType = sourcecode.c.objc; path = ReadingCell.m; sourceTree = "<group>"; };
		E3CB8205148B285B0073AD87 /* ReadingCell.xib */ = {isa = PBXFileReference; fileEncoding = 4; lastKnownFileType = file.xib; path = ReadingCell.xib; sourceTree = "<group>"; };
		E3CB8208148B2B840073AD87 /* AllReadingsTableViewControllerSpec.mm */ = {isa = PBXFileReference; fileEncoding = 4; lastKnownFileType = sourcecode.cpp.objcpp; path = AllReadingsTableViewControllerSpec.mm; sourceTree = "<group>"; };
		E3CB820A148B30E30073AD87 /* NavigationReadingViewController.h */ = {isa = PBXFileReference; fileEncoding = 4; lastKnownFileType = sourcecode.c.h; path = NavigationReadingViewController.h; sourceTree = "<group>"; };
		E3CB820B148B30E30073AD87 /* NavigationReadingViewController.m */ = {isa = PBXFileReference; fileEncoding = 4; lastKnownFileType = sourcecode.c.objc; path = NavigationReadingViewController.m; sourceTree = "<group>"; };
		E3CB820E148B40E10073AD87 /* SpecificReadingDataSource.h */ = {isa = PBXFileReference; fileEncoding = 4; lastKnownFileType = sourcecode.c.h; path = SpecificReadingDataSource.h; sourceTree = "<group>"; };
		E3CB820F148B40E10073AD87 /* SpecificReadingDataSource.m */ = {isa = PBXFileReference; fileEncoding = 4; lastKnownFileType = sourcecode.c.objc; path = SpecificReadingDataSource.m; sourceTree = "<group>"; };
		E3CB8212148BCC480073AD87 /* Settings.h */ = {isa = PBXFileReference; fileEncoding = 4; lastKnownFileType = sourcecode.c.h; path = Settings.h; sourceTree = "<group>"; };
		E3CB8213148BCC480073AD87 /* Settings.m */ = {isa = PBXFileReference; fileEncoding = 4; lastKnownFileType = sourcecode.c.objc; path = Settings.m; sourceTree = "<group>"; };
		E3CB8216148BCD570073AD87 /* SettingsController.h */ = {isa = PBXFileReference; fileEncoding = 4; lastKnownFileType = sourcecode.c.h; path = SettingsController.h; sourceTree = "<group>"; };
		E3CB8217148BCD580073AD87 /* SettingsController.m */ = {isa = PBXFileReference; fileEncoding = 4; lastKnownFileType = sourcecode.c.objc; path = SettingsController.m; sourceTree = "<group>"; };
		E3CB8218148BCD580073AD87 /* SettingsController.xib */ = {isa = PBXFileReference; fileEncoding = 4; lastKnownFileType = file.xib; path = SettingsController.xib; sourceTree = "<group>"; };
		E3CB821D148BDB5E0073AD87 /* Read.png */ = {isa = PBXFileReference; lastKnownFileType = image.png; path = Read.png; sourceTree = "<group>"; };
		E3CB821E148BDB5E0073AD87 /* Read@2x.png */ = {isa = PBXFileReference; lastKnownFileType = image.png; path = "Read@2x.png"; sourceTree = "<group>"; };
		E3CB821F148BDB5E0073AD87 /* Unread.png */ = {isa = PBXFileReference; lastKnownFileType = image.png; path = Unread.png; sourceTree = "<group>"; };
		E3CB8220148BDB5E0073AD87 /* Unread@2x.png */ = {isa = PBXFileReference; lastKnownFileType = image.png; path = "Unread@2x.png"; sourceTree = "<group>"; };
		E3CB8229148BF1DE0073AD87 /* Settings.png */ = {isa = PBXFileReference; lastKnownFileType = image.png; path = Settings.png; sourceTree = "<group>"; };
		E3CB822A148BF1DE0073AD87 /* Settings@2x.png */ = {isa = PBXFileReference; lastKnownFileType = image.png; path = "Settings@2x.png"; sourceTree = "<group>"; };
		E3CB822F148BF3330073AD87 /* UnreadTab.png */ = {isa = PBXFileReference; lastKnownFileType = image.png; path = UnreadTab.png; sourceTree = "<group>"; };
		E3CB8230148BF3330073AD87 /* UnreadTab@2x.png */ = {isa = PBXFileReference; lastKnownFileType = image.png; path = "UnreadTab@2x.png"; sourceTree = "<group>"; };
		E3CB8235148BF5550073AD87 /* All.png */ = {isa = PBXFileReference; lastKnownFileType = image.png; path = All.png; sourceTree = "<group>"; };
		E3CB8236148BF5550073AD87 /* All@2x.png */ = {isa = PBXFileReference; lastKnownFileType = image.png; path = "All@2x.png"; sourceTree = "<group>"; };
		E3CB8241148C032C0073AD87 /* Back.png */ = {isa = PBXFileReference; lastKnownFileType = image.png; path = Back.png; sourceTree = "<group>"; };
		E3CB8242148C032C0073AD87 /* Back@2x.png */ = {isa = PBXFileReference; lastKnownFileType = image.png; path = "Back@2x.png"; sourceTree = "<group>"; };
		E3CB824D148C0BC20073AD87 /* Icon.png */ = {isa = PBXFileReference; lastKnownFileType = image.png; path = Icon.png; sourceTree = "<group>"; };
		E3E8DB3F147EBD74005DC2FE /* Cedar.xcodeproj */ = {isa = PBXFileReference; lastKnownFileType = "wrapper.pb-project"; name = Cedar.xcodeproj; path = Externals/Cedar/Cedar.xcodeproj; sourceTree = "<group>"; };
		E3E8DB66147EBE5F005DC2FE /* Cedar-iPhone.framework */ = {isa = PBXFileReference; lastKnownFileType = wrapper.framework; name = "Cedar-iPhone.framework"; path = "Externals/Cedar/build/Debug-iphoneuniversal/Cedar-iPhone.framework"; sourceTree = "<group>"; };
		E3E8DB73147ED119005DC2FE /* SpecEnvironment.m */ = {isa = PBXFileReference; fileEncoding = 4; lastKnownFileType = sourcecode.c.objc; path = SpecEnvironment.m; sourceTree = "<group>"; };
		E3E8DB7C148044CF005DC2FE /* CachedPassage.h */ = {isa = PBXFileReference; fileEncoding = 4; lastKnownFileType = sourcecode.c.h; path = CachedPassage.h; sourceTree = "<group>"; };
		E3E8DB7D148044CF005DC2FE /* CachedPassage.m */ = {isa = PBXFileReference; fileEncoding = 4; lastKnownFileType = sourcecode.c.objc; path = CachedPassage.m; sourceTree = "<group>"; };
		E3E8DB80148044D9005DC2FE /* DataManager.h */ = {isa = PBXFileReference; fileEncoding = 4; lastKnownFileType = sourcecode.c.h; path = DataManager.h; sourceTree = "<group>"; };
		E3E8DB81148044D9005DC2FE /* DataManager.m */ = {isa = PBXFileReference; fileEncoding = 4; lastKnownFileType = sourcecode.c.objc; path = DataManager.m; sourceTree = "<group>"; };
		E3E8DB82148044D9005DC2FE /* Reader.h */ = {isa = PBXFileReference; fileEncoding = 4; lastKnownFileType = sourcecode.c.h; path = Reader.h; sourceTree = "<group>"; };
		E3E8DB83148044D9005DC2FE /* Reader.m */ = {isa = PBXFileReference; fileEncoding = 4; lastKnownFileType = sourcecode.c.objc; path = Reader.m; sourceTree = "<group>"; };
		E3F25F34149B070A00D5602C /* ReaderSplitViewController.h */ = {isa = PBXFileReference; fileEncoding = 4; lastKnownFileType = sourcecode.c.h; path = ReaderSplitViewController.h; sourceTree = "<group>"; };
		E3F25F35149B070A00D5602C /* ReaderSplitViewController.m */ = {isa = PBXFileReference; fileEncoding = 4; lastKnownFileType = sourcecode.c.objc; path = ReaderSplitViewController.m; sourceTree = "<group>"; };
		E3F25F38149B07F800D5602C /* DetailController.h */ = {isa = PBXFileReference; fileEncoding = 4; lastKnownFileType = sourcecode.c.h; path = DetailController.h; sourceTree = "<group>"; };
		E3F25F39149B07F800D5602C /* DetailController.m */ = {isa = PBXFileReference; fileEncoding = 4; lastKnownFileType = sourcecode.c.objc; path = DetailController.m; sourceTree = "<group>"; };
		E3F25F3A149B07F800D5602C /* DetailController.xib */ = {isa = PBXFileReference; fileEncoding = 4; lastKnownFileType = file.xib; path = DetailController.xib; sourceTree = "<group>"; };
		E3F25F3F149B080800D5602C /* MasterController.h */ = {isa = PBXFileReference; fileEncoding = 4; lastKnownFileType = sourcecode.c.h; path = MasterController.h; sourceTree = "<group>"; };
		E3F25F40149B080800D5602C /* MasterController.m */ = {isa = PBXFileReference; fileEncoding = 4; lastKnownFileType = sourcecode.c.objc; path = MasterController.m; sourceTree = "<group>"; };
		E3F25F41149B080800D5602C /* MasterController.xib */ = {isa = PBXFileReference; fileEncoding = 4; lastKnownFileType = file.xib; path = MasterController.xib; sourceTree = "<group>"; };
/* End PBXFileReference section */

/* Begin PBXFrameworksBuildPhase section */
		E320952614D259FF00B83CDE /* Frameworks */ = {
			isa = PBXFrameworksBuildPhase;
			buildActionMask = 2147483647;
			files = (
				E320952714D259FF00B83CDE /* UIKit.framework in Frameworks */,
				E320952814D259FF00B83CDE /* Foundation.framework in Frameworks */,
				E320952914D259FF00B83CDE /* CoreGraphics.framework in Frameworks */,
				E320952A14D259FF00B83CDE /* CoreData.framework in Frameworks */,
			);
			runOnlyForDeploymentPostprocessing = 0;
		};
		E372ECE4147EB92D008400D3 /* Frameworks */ = {
			isa = PBXFrameworksBuildPhase;
			buildActionMask = 2147483647;
			files = (
				E343940E14834DAA006343F4 /* libPivotalSpecHelperKit-StaticLib.a in Frameworks */,
				E3E8DB71147ED0A6005DC2FE /* CoreData.framework in Frameworks */,
				E3E8DB67147EBE5F005DC2FE /* Cedar-iPhone.framework in Frameworks */,
				E372ECE9147EB92D008400D3 /* UIKit.framework in Frameworks */,
				E372ECEA147EB92E008400D3 /* Foundation.framework in Frameworks */,
				E372ECEB147EB92E008400D3 /* CoreGraphics.framework in Frameworks */,
			);
			runOnlyForDeploymentPostprocessing = 0;
		};
/* End PBXFrameworksBuildPhase section */

/* Begin PBXGroup section */
		E34393EB14833C9C006343F4 /* Products */ = {
			isa = PBXGroup;
			children = (
				E34393FB14833C9C006343F4 /* PivotalCoreKit.framework */,
				E34393FD14833C9C006343F4 /* PivotalSpecHelperKit.framework */,
				E34393FF14833C9C006343F4 /* Spec */,
				E343940114833C9C006343F4 /* libPivotalCoreKit-StaticLib.a */,
				E343940314833C9C006343F4 /* libPivotalSpecHelperKit-StaticLib.a */,
				E343940514833C9C006343F4 /* UISpec.app */,
			);
			name = Products;
			sourceTree = "<group>";
		};
		E343943F1484B6C4006343F4 /* UI */ = {
			isa = PBXGroup;
			children = (
				E34394431484BB3D006343F4 /* ReaderTabBarController.h */,
				E34394441484BB3D006343F4 /* ReaderTabBarController.m */,
				E343945514853F8F006343F4 /* ReadingViewController.h */,
				E343945614853F8F006343F4 /* ReadingViewController.m */,
				E3CB820A148B30E30073AD87 /* NavigationReadingViewController.h */,
				E3CB820B148B30E30073AD87 /* NavigationReadingViewController.m */,
				E34394501484BD6C006343F4 /* ReadingViewController.xib */,
				E3CB81F3148B25B10073AD87 /* AllReadingsTableViewController.h */,
				E3CB81F4148B25B10073AD87 /* AllReadingsTableViewController.m */,
				E3CB81F5148B25B10073AD87 /* AllReadingsTableViewController.xib */,
				E3CB81FE148B278D0073AD87 /* ReadingCell.h */,
				E3CB81FF148B278D0073AD87 /* ReadingCell.m */,
				E3CB8205148B285B0073AD87 /* ReadingCell.xib */,
				E3CB8216148BCD570073AD87 /* SettingsController.h */,
				E3CB8217148BCD580073AD87 /* SettingsController.m */,
				E3CB8218148BCD580073AD87 /* SettingsController.xib */,
			);
			path = UI;
			sourceTree = "<group>";
		};
		E343945914854330006343F4 /* UI */ = {
			isa = PBXGroup;
			children = (
				E3CB81C5148729B80073AD87 /* NextUnread_ReadingViewControllerSpec.mm */,
				E343945A14854359006343F4 /* Todays_ReadingViewControllerSpec.mm */,
				E3CB8208148B2B840073AD87 /* AllReadingsTableViewControllerSpec.mm */,
			);
			path = UI;
			sourceTree = "<group>";
		};
		E343946614869514006343F4 /* Resources */ = {
			isa = PBXGroup;
			children = (
				E307B619149DC9AC00799029 /* gradient_bottom_black.png */,
				E307B61A149DC9AC00799029 /* gradient_bottom_white.png */,
				E307B61B149DC9AC00799029 /* gradient_top_black.png */,
				E307B61C149DC9AC00799029 /* gradient_top_white.png */,
				E307B625149DCEF300799029 /* brightness_black.png */,
				E307B626149DCEF300799029 /* brightness_black@2x.png */,
				E307B627149DCEF300799029 /* brightness_white.png */,
				E307B628149DCEF300799029 /* brightness_white@2x.png */,
				E307B629149DCEF300799029 /* font_size_black.png */,
				E307B62A149DCEF300799029 /* font_size_black@2x.png */,
				E307B62B149DCEF300799029 /* font_size_white.png */,
				E307B62C149DCEF300799029 /* font_size_white@2x.png */,
				E3CB821D148BDB5E0073AD87 /* Read.png */,
				E3CB821E148BDB5E0073AD87 /* Read@2x.png */,
				E3CB821F148BDB5E0073AD87 /* Unread.png */,
				E3CB8220148BDB5E0073AD87 /* Unread@2x.png */,
				E3CB8229148BF1DE0073AD87 /* Settings.png */,
				E3CB822A148BF1DE0073AD87 /* Settings@2x.png */,
				E3CB822F148BF3330073AD87 /* UnreadTab.png */,
				E3CB8230148BF3330073AD87 /* UnreadTab@2x.png */,
				E3CB8235148BF5550073AD87 /* All.png */,
				E3CB8236148BF5550073AD87 /* All@2x.png */,
				E3225DB6149E6A61005984FB /* Today.png */,
				E3225DB7149E6A61005984FB /* Today@2x.png */,
				E3CB8241148C032C0073AD87 /* Back.png */,
				E3225DAA149E6A3C005984FB /* today_black.png */,
				E3225DAB149E6A3C005984FB /* today_black@2x.png */,
				E3225DAC149E6A3C005984FB /* today_white.png */,
				E3225DAD149E6A3C005984FB /* today_white@2xpng.png */,
				E3225DC8149E70BC005984FB /* Default-Landscape~ipad.png */,
				E3225DC9149E70BC005984FB /* Default@2x~iphone.png */,
				E3225DCA149E70BC005984FB /* Default~iphone.png */,
				E3225DBC149E6CD0005984FB /* Icon@2x.png */,
				E3225DBF149E6D15005984FB /* Icon-72.png */,
				E3CB824D148C0BC20073AD87 /* Icon.png */,
				E3CB8242148C032C0073AD87 /* Back@2x.png */,
			);
			name = Resources;
			path = Resources/Production;
			sourceTree = "<group>";
		};
		E372ECAC147EB81C008400D3 = {
			isa = PBXGroup;
			children = (
				E343946614869514006343F4 /* Resources */,
				E372ECD7147EB879008400D3 /* App */,
				E372ECC3147EB81C008400D3 /* FPCBReader */,
				E372ECEC147EB92E008400D3 /* UISpecs */,
				E372ECBA147EB81C008400D3 /* Frameworks */,
				E372ECB8147EB81C008400D3 /* Products */,
				E3E8DB63147EBD79005DC2FE /* Externals */,
				E320955F14D259FF00B83CDE /* fpcbreader-Info.plist */,
			);
			sourceTree = "<group>";
		};
		E372ECB8147EB81C008400D3 /* Products */ = {
			isa = PBXGroup;
			children = (
				E372ECE7147EB92D008400D3 /* UISpecs.app */,
				E320955D14D259FF00B83CDE /* fpcbreader.app */,
			);
			name = Products;
			sourceTree = "<group>";
		};
		E372ECBA147EB81C008400D3 /* Frameworks */ = {
			isa = PBXGroup;
			children = (
				E3E8DB66147EBE5F005DC2FE /* Cedar-iPhone.framework */,
				E372ECBB147EB81C008400D3 /* UIKit.framework */,
				E372ECBD147EB81C008400D3 /* Foundation.framework */,
				E372ECBF147EB81C008400D3 /* CoreGraphics.framework */,
				E372ECC1147EB81C008400D3 /* CoreData.framework */,
			);
			name = Frameworks;
			sourceTree = "<group>";
		};
		E372ECC3147EB81C008400D3 /* FPCBReader */ = {
			isa = PBXGroup;
			children = (
				E372ECCC147EB81C008400D3 /* AppDelegate.h */,
				E372ECCD147EB81C008400D3 /* AppDelegate.m */,
				E372ECCF147EB81C008400D3 /* FPCBReader.xcdatamodeld */,
				E372ECC4147EB81C008400D3 /* Supporting Files */,
			);
			path = FPCBReader;
			sourceTree = "<group>";
		};
		E372ECC4147EB81C008400D3 /* Supporting Files */ = {
			isa = PBXGroup;
			children = (
				E372ECC6147EB81C008400D3 /* InfoPlist.strings */,
				E372ECC9147EB81C008400D3 /* main.m */,
				E372ECCB147EB81C008400D3 /* FPCBReader-Prefix.pch */,
			);
			name = "Supporting Files";
			sourceTree = "<group>";
		};
		E372ECD7147EB879008400D3 /* App */ = {
			isa = PBXGroup;
			children = (
				E3F25F33149B06D400D5602C /* UI-iPad */,
				E343943F1484B6C4006343F4 /* UI */,
				E3E8DB7B14804479005DC2FE /* Global */,
				E3E8DB7A1480445D005DC2FE /* Domain */,
				E343946114860EE2006343F4 /* ReadingPlan.plist */,
			);
			path = App;
			sourceTree = "<group>";
		};
		E372ECEC147EB92E008400D3 /* UISpecs */ = {
			isa = PBXGroup;
			children = (
				E343945914854330006343F4 /* UI */,
				E3E8DB8C14804531005DC2FE /* Domain */,
				E3E8DB68147EBEAE005DC2FE /* Helpers */,
				E372ECED147EB92E008400D3 /* Supporting Files */,
			);
			path = UISpecs;
			sourceTree = "<group>";
		};
		E372ECED147EB92E008400D3 /* Supporting Files */ = {
			isa = PBXGroup;
			children = (
				E372ECEE147EB92E008400D3 /* UISpecs-Info.plist */,
				E372ECEF147EB92E008400D3 /* InfoPlist.strings */,
				E372ECF2147EB92E008400D3 /* main.m */,
				E372ECF4147EB92E008400D3 /* UISpecs-Prefix.pch */,
			);
			name = "Supporting Files";
			sourceTree = "<group>";
		};
		E3E8DB40147EBD74005DC2FE /* Products */ = {
			isa = PBXGroup;
			children = (
				E3E8DB54147EBD74005DC2FE /* Cedar.framework */,
				E3E8DB56147EBD74005DC2FE /* Specs */,
				E3E8DB58147EBD74005DC2FE /* FocusedSpecs */,
				E3E8DB5A147EBD74005DC2FE /* libCedar-StaticLib.a */,
				E3E8DB5C147EBD74005DC2FE /* iPhoneSpecs.app */,
				E3E8DB5E147EBD74005DC2FE /* OCUnitApp.app */,
				E3E8DB60147EBD74005DC2FE /* OCUnitAppTests.octest */,
				E3E8DB62147EBD74005DC2FE /* OCUnitAppLogicTests.octest */,
			);
			name = Products;
			sourceTree = "<group>";
		};
		E3E8DB63147EBD79005DC2FE /* Externals */ = {
			isa = PBXGroup;
			children = (
				E34393EA14833C9C006343F4 /* PivotalCoreKit.xcodeproj */,
				E3E8DB3F147EBD74005DC2FE /* Cedar.xcodeproj */,
			);
			name = Externals;
			sourceTree = "<group>";
		};
		E3E8DB68147EBEAE005DC2FE /* Helpers */ = {
			isa = PBXGroup;
			children = (
				E3E8DB73147ED119005DC2FE /* SpecEnvironment.m */,
				E343943A1483EC22006343F4 /* SpecEnvironment.h */,
				E343940614833DA0006343F4 /* CachedPassage+Spec.h */,
				E343940714833DA0006343F4 /* CachedPassage+Spec.mm */,
				E343940914834177006343F4 /* NotificationObserver.h */,
				E343940A14834177006343F4 /* NotificationObserver.m */,
				E3CB81CB1487E2740073AD87 /* UIPageViewController+Spec.h */,
				E3CB81CC1487E2740073AD87 /* UIPageViewController+Spec.m */,
			);
			path = Helpers;
			sourceTree = "<group>";
		};
		E3E8DB7A1480445D005DC2FE /* Domain */ = {
			isa = PBXGroup;
			children = (
				E3E8DB7C148044CF005DC2FE /* CachedPassage.h */,
				E3E8DB7D148044CF005DC2FE /* CachedPassage.m */,
				E343943414836338006343F4 /* Reading.h */,
				E343943514836338006343F4 /* Reading.m */,
				E343943B1484AE16006343F4 /* NSDate+FPCBReader.h */,
				E343943C1484AE16006343F4 /* NSDate+FPCBReader.m */,
				E343945C148544BE006343F4 /* TodaysReadingDataSource.h */,
				E343945D148544BF006343F4 /* TodaysReadingDataSource.m */,
				E3CB81C7148729F70073AD87 /* NextUnreadReadingDataSource.h */,
				E3CB81C8148729F70073AD87 /* NextUnreadReadingDataSource.m */,
				E3CB820E148B40E10073AD87 /* SpecificReadingDataSource.h */,
				E3CB820F148B40E10073AD87 /* SpecificReadingDataSource.m */,
				E34394601485C9E3006343F4 /* ReadingDataSource.h */,
				E3BE065C14C3466700E4B642 /* Passage.h */,
				E3BE065D14C3476300E4B642 /* UncachedPassage.h */,
				E3BE065E14C3476300E4B642 /* UncachedPassage.m */,
			);
			path = Domain;
			sourceTree = "<group>";
		};
		E3E8DB7B14804479005DC2FE /* Global */ = {
			isa = PBXGroup;
			children = (
				E3E8DB80148044D9005DC2FE /* DataManager.h */,
				E3E8DB81148044D9005DC2FE /* DataManager.m */,
				E3E8DB82148044D9005DC2FE /* Reader.h */,
				E3E8DB83148044D9005DC2FE /* Reader.m */,
				E3CB8212148BCC480073AD87 /* Settings.h */,
				E3CB8213148BCC480073AD87 /* Settings.m */,
				E3407A3F14D266A4003D2C3A /* SecretKey.m */,
			);
			path = Global;
			sourceTree = "<group>";
		};
		E3E8DB8C14804531005DC2FE /* Domain */ = {
			isa = PBXGroup;
			children = (
				E31CFEF914804A2A0004377F /* CachedPassageSpec.mm */,
				E34394381483E38B006343F4 /* ReadingSpec.mm */,
				E3BE066114C3477900E4B642 /* UncachedPassageSpec.mm */,
			);
			path = Domain;
			sourceTree = "<group>";
		};
		E3F25F33149B06D400D5602C /* UI-iPad */ = {
			isa = PBXGroup;
			children = (
				E3F25F34149B070A00D5602C /* ReaderSplitViewController.h */,
				E3F25F35149B070A00D5602C /* ReaderSplitViewController.m */,
				E3F25F38149B07F800D5602C /* DetailController.h */,
				E3F25F39149B07F800D5602C /* DetailController.m */,
				E3F25F3A149B07F800D5602C /* DetailController.xib */,
				E3F25F3F149B080800D5602C /* MasterController.h */,
				E3F25F40149B080800D5602C /* MasterController.m */,
				E3F25F41149B080800D5602C /* MasterController.xib */,
			);
			path = "UI-iPad";
			sourceTree = "<group>";
		};
/* End PBXGroup section */

/* Begin PBXNativeTarget section */
		E320950E14D259FF00B83CDE /* fpcbreader */ = {
			isa = PBXNativeTarget;
			buildConfigurationList = E320955814D259FF00B83CDE /* Build configuration list for PBXNativeTarget "fpcbreader" */;
			buildPhases = (
				E320950F14D259FF00B83CDE /* Sources */,
				E320952614D259FF00B83CDE /* Frameworks */,
				E320952B14D259FF00B83CDE /* Resources */,
			);
			buildRules = (
			);
			dependencies = (
			);
			name = fpcbreader;
			productName = FPCBReader;
			productReference = E320955D14D259FF00B83CDE /* fpcbreader.app */;
			productType = "com.apple.product-type.application";
		};
		E372ECE6147EB92D008400D3 /* UISpecs */ = {
			isa = PBXNativeTarget;
			buildConfigurationList = E372ECF8147EB92E008400D3 /* Build configuration list for PBXNativeTarget "UISpecs" */;
			buildPhases = (
				E372ECE3147EB92D008400D3 /* Sources */,
				E372ECE4147EB92D008400D3 /* Frameworks */,
				E372ECE5147EB92D008400D3 /* Resources */,
			);
			buildRules = (
			);
			dependencies = (
				E343940D14834DA3006343F4 /* PBXTargetDependency */,
			);
			name = UISpecs;
			productName = UISpecs;
			productReference = E372ECE7147EB92D008400D3 /* UISpecs.app */;
			productType = "com.apple.product-type.application";
		};
/* End PBXNativeTarget section */

/* Begin PBXProject section */
		E372ECAE147EB81C008400D3 /* Project object */ = {
			isa = PBXProject;
			attributes = {
				LastUpgradeCheck = 0420;
				ORGANIZATIONNAME = "Pivotal Labs";
			};
			buildConfigurationList = E372ECB1147EB81C008400D3 /* Build configuration list for PBXProject "FPCBReader" */;
			compatibilityVersion = "Xcode 3.2";
			developmentRegion = English;
			hasScannedForEncodings = 0;
			knownRegions = (
				en,
			);
			mainGroup = E372ECAC147EB81C008400D3;
			productRefGroup = E372ECB8147EB81C008400D3 /* Products */;
			projectDirPath = "";
			projectReferences = (
				{
					ProductGroup = E3E8DB40147EBD74005DC2FE /* Products */;
					ProjectRef = E3E8DB3F147EBD74005DC2FE /* Cedar.xcodeproj */;
				},
				{
					ProductGroup = E34393EB14833C9C006343F4 /* Products */;
					ProjectRef = E34393EA14833C9C006343F4 /* PivotalCoreKit.xcodeproj */;
				},
			);
			projectRoot = "";
			targets = (
				E320950E14D259FF00B83CDE /* fpcbreader */,
				E372ECE6147EB92D008400D3 /* UISpecs */,
			);
		};
/* End PBXProject section */

/* Begin PBXReferenceProxy section */
		E34393FB14833C9C006343F4 /* PivotalCoreKit.framework */ = {
			isa = PBXReferenceProxy;
			fileType = wrapper.framework;
			path = PivotalCoreKit.framework;
			remoteRef = E34393FA14833C9C006343F4 /* PBXContainerItemProxy */;
			sourceTree = BUILT_PRODUCTS_DIR;
		};
		E34393FD14833C9C006343F4 /* PivotalSpecHelperKit.framework */ = {
			isa = PBXReferenceProxy;
			fileType = wrapper.framework;
			path = PivotalSpecHelperKit.framework;
			remoteRef = E34393FC14833C9C006343F4 /* PBXContainerItemProxy */;
			sourceTree = BUILT_PRODUCTS_DIR;
		};
		E34393FF14833C9C006343F4 /* Spec */ = {
			isa = PBXReferenceProxy;
			fileType = "compiled.mach-o.executable";
			path = Spec;
			remoteRef = E34393FE14833C9C006343F4 /* PBXContainerItemProxy */;
			sourceTree = BUILT_PRODUCTS_DIR;
		};
		E343940114833C9C006343F4 /* libPivotalCoreKit-StaticLib.a */ = {
			isa = PBXReferenceProxy;
			fileType = archive.ar;
			path = "libPivotalCoreKit-StaticLib.a";
			remoteRef = E343940014833C9C006343F4 /* PBXContainerItemProxy */;
			sourceTree = BUILT_PRODUCTS_DIR;
		};
		E343940314833C9C006343F4 /* libPivotalSpecHelperKit-StaticLib.a */ = {
			isa = PBXReferenceProxy;
			fileType = archive.ar;
			path = "libPivotalSpecHelperKit-StaticLib.a";
			remoteRef = E343940214833C9C006343F4 /* PBXContainerItemProxy */;
			sourceTree = BUILT_PRODUCTS_DIR;
		};
		E343940514833C9C006343F4 /* UISpec.app */ = {
			isa = PBXReferenceProxy;
			fileType = wrapper.application;
			path = UISpec.app;
			remoteRef = E343940414833C9C006343F4 /* PBXContainerItemProxy */;
			sourceTree = BUILT_PRODUCTS_DIR;
		};
		E3E8DB54147EBD74005DC2FE /* Cedar.framework */ = {
			isa = PBXReferenceProxy;
			fileType = wrapper.framework;
			path = Cedar.framework;
			remoteRef = E3E8DB53147EBD74005DC2FE /* PBXContainerItemProxy */;
			sourceTree = BUILT_PRODUCTS_DIR;
		};
		E3E8DB56147EBD74005DC2FE /* Specs */ = {
			isa = PBXReferenceProxy;
			fileType = "compiled.mach-o.executable";
			path = Specs;
			remoteRef = E3E8DB55147EBD74005DC2FE /* PBXContainerItemProxy */;
			sourceTree = BUILT_PRODUCTS_DIR;
		};
		E3E8DB58147EBD74005DC2FE /* FocusedSpecs */ = {
			isa = PBXReferenceProxy;
			fileType = "compiled.mach-o.executable";
			path = FocusedSpecs;
			remoteRef = E3E8DB57147EBD74005DC2FE /* PBXContainerItemProxy */;
			sourceTree = BUILT_PRODUCTS_DIR;
		};
		E3E8DB5A147EBD74005DC2FE /* libCedar-StaticLib.a */ = {
			isa = PBXReferenceProxy;
			fileType = archive.ar;
			path = "libCedar-StaticLib.a";
			remoteRef = E3E8DB59147EBD74005DC2FE /* PBXContainerItemProxy */;
			sourceTree = BUILT_PRODUCTS_DIR;
		};
		E3E8DB5C147EBD74005DC2FE /* iPhoneSpecs.app */ = {
			isa = PBXReferenceProxy;
			fileType = wrapper.application;
			path = iPhoneSpecs.app;
			remoteRef = E3E8DB5B147EBD74005DC2FE /* PBXContainerItemProxy */;
			sourceTree = BUILT_PRODUCTS_DIR;
		};
		E3E8DB5E147EBD74005DC2FE /* OCUnitApp.app */ = {
			isa = PBXReferenceProxy;
			fileType = wrapper.application;
			path = OCUnitApp.app;
			remoteRef = E3E8DB5D147EBD74005DC2FE /* PBXContainerItemProxy */;
			sourceTree = BUILT_PRODUCTS_DIR;
		};
		E3E8DB60147EBD74005DC2FE /* OCUnitAppTests.octest */ = {
			isa = PBXReferenceProxy;
			fileType = wrapper.cfbundle;
			path = OCUnitAppTests.octest;
			remoteRef = E3E8DB5F147EBD74005DC2FE /* PBXContainerItemProxy */;
			sourceTree = BUILT_PRODUCTS_DIR;
		};
		E3E8DB62147EBD74005DC2FE /* OCUnitAppLogicTests.octest */ = {
			isa = PBXReferenceProxy;
			fileType = wrapper.cfbundle;
			path = OCUnitAppLogicTests.octest;
			remoteRef = E3E8DB61147EBD74005DC2FE /* PBXContainerItemProxy */;
			sourceTree = BUILT_PRODUCTS_DIR;
		};
/* End PBXReferenceProxy section */

/* Begin PBXResourcesBuildPhase section */
		E320952B14D259FF00B83CDE /* Resources */ = {
			isa = PBXResourcesBuildPhase;
			buildActionMask = 2147483647;
			files = (
				E320952C14D259FF00B83CDE /* InfoPlist.strings in Resources */,
				E320952D14D259FF00B83CDE /* ReadingViewController.xib in Resources */,
				E320952E14D259FF00B83CDE /* ReadingPlan.plist in Resources */,
				E320952F14D259FF00B83CDE /* AllReadingsTableViewController.xib in Resources */,
				E320953014D259FF00B83CDE /* ReadingCell.xib in Resources */,
				E320953114D259FF00B83CDE /* SettingsController.xib in Resources */,
				E320953214D259FF00B83CDE /* Read.png in Resources */,
				E320953314D259FF00B83CDE /* Read@2x.png in Resources */,
				E320953414D259FF00B83CDE /* Unread.png in Resources */,
				E320953514D259FF00B83CDE /* Unread@2x.png in Resources */,
				E320953614D259FF00B83CDE /* Settings.png in Resources */,
				E320953714D259FF00B83CDE /* Settings@2x.png in Resources */,
				E320953814D259FF00B83CDE /* UnreadTab.png in Resources */,
				E320953914D259FF00B83CDE /* UnreadTab@2x.png in Resources */,
				E320953A14D259FF00B83CDE /* All.png in Resources */,
				E320953B14D259FF00B83CDE /* All@2x.png in Resources */,
				E320953C14D259FF00B83CDE /* Back.png in Resources */,
				E320953D14D259FF00B83CDE /* Back@2x.png in Resources */,
				E320953E14D259FF00B83CDE /* Icon.png in Resources */,
				E320953F14D259FF00B83CDE /* DetailController.xib in Resources */,
				E320954014D259FF00B83CDE /* MasterController.xib in Resources */,
				E320954114D259FF00B83CDE /* gradient_bottom_black.png in Resources */,
				E320954214D259FF00B83CDE /* gradient_bottom_white.png in Resources */,
				E320954314D259FF00B83CDE /* gradient_top_black.png in Resources */,
				E320954414D259FF00B83CDE /* gradient_top_white.png in Resources */,
				E320954514D259FF00B83CDE /* brightness_black.png in Resources */,
				E320954614D259FF00B83CDE /* brightness_black@2x.png in Resources */,
				E320954714D259FF00B83CDE /* brightness_white.png in Resources */,
				E320954814D259FF00B83CDE /* brightness_white@2x.png in Resources */,
				E320954914D259FF00B83CDE /* font_size_black.png in Resources */,
				E320954A14D259FF00B83CDE /* font_size_black@2x.png in Resources */,
				E320954B14D259FF00B83CDE /* font_size_white.png in Resources */,
				E320954C14D259FF00B83CDE /* font_size_white@2x.png in Resources */,
				E320954D14D259FF00B83CDE /* today_black.png in Resources */,
				E320954E14D259FF00B83CDE /* today_black@2x.png in Resources */,
				E320954F14D259FF00B83CDE /* today_white.png in Resources */,
				E320955014D259FF00B83CDE /* today_white@2xpng.png in Resources */,
				E320955114D259FF00B83CDE /* Today.png in Resources */,
				E320955214D259FF00B83CDE /* Today@2x.png in Resources */,
				E320955314D259FF00B83CDE /* Icon@2x.png in Resources */,
				E320955414D259FF00B83CDE /* Icon-72.png in Resources */,
				E320955514D259FF00B83CDE /* Default-Landscape~ipad.png in Resources */,
				E320955614D259FF00B83CDE /* Default@2x~iphone.png in Resources */,
				E320955714D259FF00B83CDE /* Default~iphone.png in Resources */,
			);
			runOnlyForDeploymentPostprocessing = 0;
		};
		E372ECE5147EB92D008400D3 /* Resources */ = {
			isa = PBXResourcesBuildPhase;
			buildActionMask = 2147483647;
			files = (
				E372ECF1147EB92E008400D3 /* InfoPlist.strings in Resources */,
				E34394541484BD6C006343F4 /* ReadingViewController.xib in Resources */,
				E3CB81F9148B25B10073AD87 /* AllReadingsTableViewController.xib in Resources */,
				E3CB8207148B285B0073AD87 /* ReadingCell.xib in Resources */,
				E3CB821C148BCD590073AD87 /* SettingsController.xib in Resources */,
				E3CB8222148BDB5E0073AD87 /* Read.png in Resources */,
				E3CB8224148BDB5E0073AD87 /* Read@2x.png in Resources */,
				E3CB8226148BDB5E0073AD87 /* Unread.png in Resources */,
				E3CB8228148BDB5E0073AD87 /* Unread@2x.png in Resources */,
				E3CB822C148BF1DE0073AD87 /* Settings.png in Resources */,
				E3CB822E148BF1DE0073AD87 /* Settings@2x.png in Resources */,
				E3CB8232148BF3330073AD87 /* UnreadTab.png in Resources */,
				E3CB8234148BF3330073AD87 /* UnreadTab@2x.png in Resources */,
				E3CB8238148BF5550073AD87 /* All.png in Resources */,
				E3CB823A148BF5550073AD87 /* All@2x.png in Resources */,
				E3CB8244148C032C0073AD87 /* Back.png in Resources */,
				E3CB8246148C032C0073AD87 /* Back@2x.png in Resources */,
				E3CB8250148C0BC20073AD87 /* Icon.png in Resources */,
				E3F25F3E149B07F800D5602C /* DetailController.xib in Resources */,
				E3F25F45149B080800D5602C /* MasterController.xib in Resources */,
				E307B61E149DC9AC00799029 /* gradient_bottom_black.png in Resources */,
				E307B620149DC9AC00799029 /* gradient_bottom_white.png in Resources */,
				E307B622149DC9AC00799029 /* gradient_top_black.png in Resources */,
				E307B624149DC9AC00799029 /* gradient_top_white.png in Resources */,
				E307B62E149DCEF300799029 /* brightness_black.png in Resources */,
				E307B630149DCEF300799029 /* brightness_black@2x.png in Resources */,
				E307B632149DCEF300799029 /* brightness_white.png in Resources */,
				E307B634149DCEF300799029 /* brightness_white@2x.png in Resources */,
				E307B636149DCEF300799029 /* font_size_black.png in Resources */,
				E307B638149DCEF300799029 /* font_size_black@2x.png in Resources */,
				E307B63A149DCEF300799029 /* font_size_white.png in Resources */,
				E307B63C149DCEF300799029 /* font_size_white@2x.png in Resources */,
				E3225DAF149E6A3C005984FB /* today_black.png in Resources */,
				E3225DB1149E6A3C005984FB /* today_black@2x.png in Resources */,
				E3225DB3149E6A3C005984FB /* today_white.png in Resources */,
				E3225DB5149E6A3C005984FB /* today_white@2xpng.png in Resources */,
				E3225DB9149E6A61005984FB /* Today.png in Resources */,
				E3225DBB149E6A61005984FB /* Today@2x.png in Resources */,
				E3225DBE149E6CD0005984FB /* Icon@2x.png in Resources */,
				E3225DC1149E6D15005984FB /* Icon-72.png in Resources */,
				E3225DCC149E70BC005984FB /* Default-Landscape~ipad.png in Resources */,
				E3225DCE149E70BC005984FB /* Default@2x~iphone.png in Resources */,
				E3225DD0149E70BC005984FB /* Default~iphone.png in Resources */,
			);
			runOnlyForDeploymentPostprocessing = 0;
		};
/* End PBXResourcesBuildPhase section */

/* Begin PBXSourcesBuildPhase section */
		E320950F14D259FF00B83CDE /* Sources */ = {
			isa = PBXSourcesBuildPhase;
			buildActionMask = 2147483647;
			files = (
				E320951014D259FF00B83CDE /* main.m in Sources */,
				E320951114D259FF00B83CDE /* AppDelegate.m in Sources */,
				E320951214D259FF00B83CDE /* FPCBReader.xcdatamodeld in Sources */,
				E320951314D259FF00B83CDE /* CachedPassage.m in Sources */,
				E320951414D259FF00B83CDE /* DataManager.m in Sources */,
				E320951514D259FF00B83CDE /* Reader.m in Sources */,
				E320951614D259FF00B83CDE /* Reading.m in Sources */,
				E320951714D259FF00B83CDE /* NSDate+FPCBReader.m in Sources */,
				E320951814D259FF00B83CDE /* ReaderTabBarController.m in Sources */,
				E320951914D259FF00B83CDE /* ReadingViewController.m in Sources */,
				E320951A14D259FF00B83CDE /* TodaysReadingDataSource.m in Sources */,
				E320951B14D259FF00B83CDE /* NextUnreadReadingDataSource.m in Sources */,
				E320951C14D259FF00B83CDE /* AllReadingsTableViewController.m in Sources */,
				E320951D14D259FF00B83CDE /* ReadingCell.m in Sources */,
				E320951E14D259FF00B83CDE /* NavigationReadingViewController.m in Sources */,
				E320951F14D259FF00B83CDE /* SpecificReadingDataSource.m in Sources */,
				E320952014D259FF00B83CDE /* Settings.m in Sources */,
				E320952114D259FF00B83CDE /* SettingsController.m in Sources */,
				E320952214D259FF00B83CDE /* ReaderSplitViewController.m in Sources */,
				E320952314D259FF00B83CDE /* DetailController.m in Sources */,
				E320952414D259FF00B83CDE /* MasterController.m in Sources */,
				E320952514D259FF00B83CDE /* UncachedPassage.m in Sources */,
				E3407A4014D266A4003D2C3A /* SecretKey.m in Sources */,
			);
			runOnlyForDeploymentPostprocessing = 0;
		};
		E372ECE3147EB92D008400D3 /* Sources */ = {
			isa = PBXSourcesBuildPhase;
			buildActionMask = 2147483647;
			files = (
				E372ECF3147EB92E008400D3 /* main.m in Sources */,
				E3E8DB74147ED119005DC2FE /* SpecEnvironment.m in Sources */,
				E3E8DB79148043E6005DC2FE /* FPCBReader.xcdatamodeld in Sources */,
				E3E8DB7F148044CF005DC2FE /* CachedPassage.m in Sources */,
				E3E8DB85148044D9005DC2FE /* DataManager.m in Sources */,
				E3E8DB87148044D9005DC2FE /* Reader.m in Sources */,
				E31CFEFB14804A2A0004377F /* CachedPassageSpec.mm in Sources */,
				E343940814833DA0006343F4 /* CachedPassage+Spec.mm in Sources */,
				E343940B14834177006343F4 /* NotificationObserver.m in Sources */,
				E343943714836338006343F4 /* Reading.m in Sources */,
				E34394391483E38C006343F4 /* ReadingSpec.mm in Sources */,
				E343943E1484AE16006343F4 /* NSDate+FPCBReader.m in Sources */,
				E34394461484BB3D006343F4 /* ReaderTabBarController.m in Sources */,
				E343945814853F8F006343F4 /* ReadingViewController.m in Sources */,
				E343945B14854359006343F4 /* Todays_ReadingViewControllerSpec.mm in Sources */,
				E343945F148544BF006343F4 /* TodaysReadingDataSource.m in Sources */,
				E3CB81C6148729B80073AD87 /* NextUnread_ReadingViewControllerSpec.mm in Sources */,
				E3CB81CA148729F80073AD87 /* NextUnreadReadingDataSource.m in Sources */,
				E3CB81CD1487E2740073AD87 /* UIPageViewController+Spec.m in Sources */,
				E3CB81F7148B25B10073AD87 /* AllReadingsTableViewController.m in Sources */,
				E3CB8201148B278E0073AD87 /* ReadingCell.m in Sources */,
				E3CB8209148B2B840073AD87 /* AllReadingsTableViewControllerSpec.mm in Sources */,
				E3CB820D148B30E40073AD87 /* NavigationReadingViewController.m in Sources */,
				E3CB8211148B40E10073AD87 /* SpecificReadingDataSource.m in Sources */,
				E3CB8215148BCC480073AD87 /* Settings.m in Sources */,
				E3CB821A148BCD590073AD87 /* SettingsController.m in Sources */,
				E3F25F37149B070A00D5602C /* ReaderSplitViewController.m in Sources */,
				E3F25F3C149B07F800D5602C /* DetailController.m in Sources */,
				E3F25F43149B080800D5602C /* MasterController.m in Sources */,
				E3BE066014C3476300E4B642 /* UncachedPassage.m in Sources */,
				E3BE066214C3477900E4B642 /* UncachedPassageSpec.mm in Sources */,
			);
			runOnlyForDeploymentPostprocessing = 0;
		};
/* End PBXSourcesBuildPhase section */

/* Begin PBXTargetDependency section */
		E343940D14834DA3006343F4 /* PBXTargetDependency */ = {
			isa = PBXTargetDependency;
			name = "PivotalSpecHelperKit-StaticLib";
			targetProxy = E343940C14834DA3006343F4 /* PBXContainerItemProxy */;
		};
/* End PBXTargetDependency section */

/* Begin PBXVariantGroup section */
		E372ECC6147EB81C008400D3 /* InfoPlist.strings */ = {
			isa = PBXVariantGroup;
			children = (
				E372ECC7147EB81C008400D3 /* en */,
			);
			name = InfoPlist.strings;
			sourceTree = "<group>";
		};
		E372ECEF147EB92E008400D3 /* InfoPlist.strings */ = {
			isa = PBXVariantGroup;
			children = (
				E372ECF0147EB92E008400D3 /* en */,
			);
			name = InfoPlist.strings;
			sourceTree = "<group>";
		};
/* End PBXVariantGroup section */

/* Begin XCBuildConfiguration section */
		E32094B814D2586600B83CDE /* Distribution */ = {
			isa = XCBuildConfiguration;
			buildSettings = {
				ALWAYS_SEARCH_USER_PATHS = NO;
				ARCHS = "$(ARCHS_STANDARD_32_BIT)";
				"CODE_SIGN_IDENTITY[sdk=iphoneos*]" = "iPhone Developer";
				COPY_PHASE_STRIP = YES;
				GCC_C_LANGUAGE_STANDARD = gnu99;
				GCC_VERSION = com.apple.compilers.llvm.clang.1_0;
				GCC_WARN_ABOUT_MISSING_PROTOTYPES = YES;
				GCC_WARN_ABOUT_RETURN_TYPE = YES;
				GCC_WARN_UNUSED_VARIABLE = YES;
				IPHONEOS_DEPLOYMENT_TARGET = 5.0;
				OTHER_CFLAGS = "-DNS_BLOCK_ASSERTIONS=1";
				SDKROOT = iphoneos;
				TARGETED_DEVICE_FAMILY = "1,2";
				VALIDATE_PRODUCT = YES;
			};
			name = Distribution;
		};
		E32094BA14D2586600B83CDE /* Distribution */ = {
			isa = XCBuildConfiguration;
			buildSettings = {
				"CODE_SIGN_IDENTITY[sdk=iphoneos*]" = "iPhone Developer";
				FRAMEWORK_SEARCH_PATHS = (
					"$(inherited)",
					"\"$(SRCROOT)/Externals/Cedar/build/Debug-iphoneuniversal\"",
				);
				GCC_PRECOMPILE_PREFIX_HEADER = YES;
				GCC_PREFIX_HEADER = "UISpecs/UISpecs-Prefix.pch";
				HEADER_SEARCH_PATHS = "\"$(SRCROOT)/Externals/PivotalCoreKit/SpecHelperLib/**";
				INFOPLIST_FILE = "UISpecs/UISpecs-Info.plist";
				OTHER_LDFLAGS = (
					"-all_load",
					"-ObjC",
				);
				PRODUCT_NAME = "$(TARGET_NAME)";
				WRAPPER_EXTENSION = app;
			};
			name = Distribution;
		};
		E320955914D259FF00B83CDE /* Debug */ = {
			isa = XCBuildConfiguration;
			buildSettings = {
				CODE_SIGN_IDENTITY = "iPhone Developer: Onsi Fakhouri (QSWP6JN529)";
				"CODE_SIGN_IDENTITY[sdk=iphoneos*]" = "iPhone Developer: Onsi Fakhouri (QSWP6JN529)";
				GCC_PRECOMPILE_PREFIX_HEADER = YES;
				GCC_PREFIX_HEADER = "FPCBReader/FPCBReader-Prefix.pch";
				INFOPLIST_FILE = "fpcbreader-Info.plist";
				IPHONEOS_DEPLOYMENT_TARGET = 5.0;
				PRODUCT_NAME = fpcbreader;
				PROVISIONING_PROFILE = "B42891A8-5FEC-420B-A720-E35BC2A24369";
				"PROVISIONING_PROFILE[sdk=iphoneos*]" = "B42891A8-5FEC-420B-A720-E35BC2A24369";
				WRAPPER_EXTENSION = app;
			};
			name = Debug;
		};
		E320955A14D259FF00B83CDE /* Release */ = {
			isa = XCBuildConfiguration;
			buildSettings = {
				CODE_SIGN_IDENTITY = "iPhone Developer: Onsi Fakhouri (QSWP6JN529)";
				"CODE_SIGN_IDENTITY[sdk=iphoneos*]" = "iPhone Developer: Onsi Fakhouri (QSWP6JN529)";
				GCC_PRECOMPILE_PREFIX_HEADER = YES;
				GCC_PREFIX_HEADER = "FPCBReader/FPCBReader-Prefix.pch";
				INFOPLIST_FILE = "fpcbreader-Info.plist";
				IPHONEOS_DEPLOYMENT_TARGET = 5.0;
				PRODUCT_NAME = fpcbreader;
				PROVISIONING_PROFILE = "B42891A8-5FEC-420B-A720-E35BC2A24369";
				"PROVISIONING_PROFILE[sdk=iphoneos*]" = "B42891A8-5FEC-420B-A720-E35BC2A24369";
				WRAPPER_EXTENSION = app;
			};
			name = Release;
		};
		E320955B14D259FF00B83CDE /* Distribution */ = {
			isa = XCBuildConfiguration;
			buildSettings = {
				CODE_SIGN_IDENTITY = "iPhone Distribution: First Presbyterian Church of Berkeley";
				"CODE_SIGN_IDENTITY[sdk=iphoneos*]" = "iPhone Distribution: First Presbyterian Church of Berkeley";
				GCC_PRECOMPILE_PREFIX_HEADER = YES;
				GCC_PREFIX_HEADER = "FPCBReader/FPCBReader-Prefix.pch";
				INFOPLIST_FILE = "fpcbreader-Info.plist";
				IPHONEOS_DEPLOYMENT_TARGET = 5.0;
				PRODUCT_NAME = fpcbreader;
				PROVISIONING_PROFILE = "AC8D3CB8-CF70-4076-8814-C599AFE8B4E0";
				"PROVISIONING_PROFILE[sdk=iphoneos*]" = "AC8D3CB8-CF70-4076-8814-C599AFE8B4E0";
				WRAPPER_EXTENSION = app;
			};
			name = Distribution;
		};
		E320955C14D259FF00B83CDE /* Test Flight */ = {
			isa = XCBuildConfiguration;
			buildSettings = {
				CODE_SIGN_IDENTITY = "iPhone Distribution: First Presbyterian Church of Berkeley";
				"CODE_SIGN_IDENTITY[sdk=iphoneos*]" = "iPhone Distribution: First Presbyterian Church of Berkeley";
				GCC_PRECOMPILE_PREFIX_HEADER = YES;
				GCC_PREFIX_HEADER = "FPCBReader/FPCBReader-Prefix.pch";
				INFOPLIST_FILE = "fpcbreader-Info.plist";
				IPHONEOS_DEPLOYMENT_TARGET = 5.0;
				PRODUCT_NAME = fpcbreader;
				PROVISIONING_PROFILE = "F2686A64-791B-41B2-A892-367F88A3C8D3";
				"PROVISIONING_PROFILE[sdk=iphoneos*]" = "F2686A64-791B-41B2-A892-367F88A3C8D3";
				WRAPPER_EXTENSION = app;
			};
			name = "Test Flight";
		};
		E372ECD2147EB81C008400D3 /* Debug */ = {
			isa = XCBuildConfiguration;
			buildSettings = {
				ALWAYS_SEARCH_USER_PATHS = NO;
				ARCHS = "$(ARCHS_STANDARD_32_BIT)";
				"CODE_SIGN_IDENTITY[sdk=iphoneos*]" = "iPhone Developer";
				COPY_PHASE_STRIP = NO;
				GCC_C_LANGUAGE_STANDARD = gnu99;
				GCC_DYNAMIC_NO_PIC = NO;
				GCC_OPTIMIZATION_LEVEL = 0;
				GCC_PREPROCESSOR_DEFINITIONS = (
					"DEBUG=1",
					"$(inherited)",
				);
				GCC_SYMBOLS_PRIVATE_EXTERN = NO;
				GCC_VERSION = com.apple.compilers.llvm.clang.1_0;
				GCC_WARN_ABOUT_MISSING_PROTOTYPES = YES;
				GCC_WARN_ABOUT_RETURN_TYPE = YES;
				GCC_WARN_UNUSED_VARIABLE = YES;
				IPHONEOS_DEPLOYMENT_TARGET = 5.0;
				SDKROOT = iphoneos;
				TARGETED_DEVICE_FAMILY = "1,2";
			};
			name = Debug;
		};
		E372ECD3147EB81C008400D3 /* Release */ = {
			isa = XCBuildConfiguration;
			buildSettings = {
				ALWAYS_SEARCH_USER_PATHS = NO;
				ARCHS = "$(ARCHS_STANDARD_32_BIT)";
				"CODE_SIGN_IDENTITY[sdk=iphoneos*]" = "iPhone Developer";
				COPY_PHASE_STRIP = YES;
				GCC_C_LANGUAGE_STANDARD = gnu99;
				GCC_VERSION = com.apple.compilers.llvm.clang.1_0;
				GCC_WARN_ABOUT_MISSING_PROTOTYPES = YES;
				GCC_WARN_ABOUT_RETURN_TYPE = YES;
				GCC_WARN_UNUSED_VARIABLE = YES;
				IPHONEOS_DEPLOYMENT_TARGET = 5.0;
				OTHER_CFLAGS = "-DNS_BLOCK_ASSERTIONS=1";
				SDKROOT = iphoneos;
				TARGETED_DEVICE_FAMILY = "1,2";
				VALIDATE_PRODUCT = YES;
			};
			name = Release;
		};
		E372ECF9147EB92E008400D3 /* Debug */ = {
			isa = XCBuildConfiguration;
			buildSettings = {
				"CODE_SIGN_IDENTITY[sdk=iphoneos*]" = "iPhone Developer";
				FRAMEWORK_SEARCH_PATHS = (
					"$(inherited)",
					"\"$(SRCROOT)/Externals/Cedar/build/Debug-iphoneuniversal\"",
				);
				GCC_PRECOMPILE_PREFIX_HEADER = YES;
				GCC_PREFIX_HEADER = "UISpecs/UISpecs-Prefix.pch";
				HEADER_SEARCH_PATHS = "\"$(SRCROOT)/Externals/PivotalCoreKit/SpecHelperLib/**";
				INFOPLIST_FILE = "UISpecs/UISpecs-Info.plist";
				OTHER_LDFLAGS = (
					"-all_load",
					"-ObjC",
				);
				PRODUCT_NAME = "$(TARGET_NAME)";
				WRAPPER_EXTENSION = app;
			};
			name = Debug;
		};
		E372ECFA147EB92E008400D3 /* Release */ = {
			isa = XCBuildConfiguration;
			buildSettings = {
				"CODE_SIGN_IDENTITY[sdk=iphoneos*]" = "iPhone Developer";
				FRAMEWORK_SEARCH_PATHS = (
					"$(inherited)",
					"\"$(SRCROOT)/Externals/Cedar/build/Debug-iphoneuniversal\"",
				);
				GCC_PRECOMPILE_PREFIX_HEADER = YES;
				GCC_PREFIX_HEADER = "UISpecs/UISpecs-Prefix.pch";
				HEADER_SEARCH_PATHS = "\"$(SRCROOT)/Externals/PivotalCoreKit/SpecHelperLib/**";
				INFOPLIST_FILE = "UISpecs/UISpecs-Info.plist";
				OTHER_LDFLAGS = (
					"-all_load",
					"-ObjC",
				);
				PRODUCT_NAME = "$(TARGET_NAME)";
				WRAPPER_EXTENSION = app;
			};
			name = Release;
		};
		E373376D1499AE7800A2DA83 /* Test Flight */ = {
			isa = XCBuildConfiguration;
			buildSettings = {
				ALWAYS_SEARCH_USER_PATHS = NO;
				ARCHS = "$(ARCHS_STANDARD_32_BIT)";
				CODE_SIGN_IDENTITY = "iPhone Distribution: Onsi Fakhouri";
				"CODE_SIGN_IDENTITY[sdk=iphoneos*]" = "iPhone Distribution: Onsi Fakhouri";
				COPY_PHASE_STRIP = YES;
				GCC_C_LANGUAGE_STANDARD = gnu99;
				GCC_VERSION = com.apple.compilers.llvm.clang.1_0;
				GCC_WARN_ABOUT_MISSING_PROTOTYPES = YES;
				GCC_WARN_ABOUT_RETURN_TYPE = YES;
				GCC_WARN_UNUSED_VARIABLE = YES;
				IPHONEOS_DEPLOYMENT_TARGET = 5.0;
				OTHER_CFLAGS = "-DNS_BLOCK_ASSERTIONS=1";
				PROVISIONING_PROFILE = "B1A40E8A-FD51-4BCE-BE64-5F06CEF95A4C";
				"PROVISIONING_PROFILE[sdk=iphoneos*]" = "B1A40E8A-FD51-4BCE-BE64-5F06CEF95A4C";
				SDKROOT = iphoneos;
				TARGETED_DEVICE_FAMILY = "1,2";
				VALIDATE_PRODUCT = YES;
			};
			name = "Test Flight";
		};
		E373376F1499AE7800A2DA83 /* Test Flight */ = {
			isa = XCBuildConfiguration;
			buildSettings = {
				"CODE_SIGN_IDENTITY[sdk=iphoneos*]" = "iPhone Developer";
				FRAMEWORK_SEARCH_PATHS = (
					"$(inherited)",
					"\"$(SRCROOT)/Externals/Cedar/build/Debug-iphoneuniversal\"",
				);
				GCC_PRECOMPILE_PREFIX_HEADER = YES;
				GCC_PREFIX_HEADER = "UISpecs/UISpecs-Prefix.pch";
				HEADER_SEARCH_PATHS = "\"$(SRCROOT)/Externals/PivotalCoreKit/SpecHelperLib/**";
				INFOPLIST_FILE = "UISpecs/UISpecs-Info.plist";
				OTHER_LDFLAGS = (
					"-all_load",
					"-ObjC",
				);
				PRODUCT_NAME = "$(TARGET_NAME)";
				WRAPPER_EXTENSION = app;
			};
			name = "Test Flight";
		};
/* End XCBuildConfiguration section */

/* Begin XCConfigurationList section */
		E320955814D259FF00B83CDE /* Build configuration list for PBXNativeTarget "fpcbreader" */ = {
			isa = XCConfigurationList;
			buildConfigurations = (
				E320955914D259FF00B83CDE /* Debug */,
				E320955A14D259FF00B83CDE /* Release */,
				E320955B14D259FF00B83CDE /* Distribution */,
				E320955C14D259FF00B83CDE /* Test Flight */,
			);
			defaultConfigurationIsVisible = 0;
			defaultConfigurationName = Release;
		};
		E372ECB1147EB81C008400D3 /* Build configuration list for PBXProject "FPCBReader" */ = {
			isa = XCConfigurationList;
			buildConfigurations = (
				E372ECD2147EB81C008400D3 /* Debug */,
				E372ECD3147EB81C008400D3 /* Release */,
				E32094B814D2586600B83CDE /* Distribution */,
				E373376D1499AE7800A2DA83 /* Test Flight */,
			);
			defaultConfigurationIsVisible = 0;
			defaultConfigurationName = Release;
		};
		E372ECF8147EB92E008400D3 /* Build configuration list for PBXNativeTarget "UISpecs" */ = {
			isa = XCConfigurationList;
			buildConfigurations = (
				E372ECF9147EB92E008400D3 /* Debug */,
				E372ECFA147EB92E008400D3 /* Release */,
				E32094BA14D2586600B83CDE /* Distribution */,
				E373376F1499AE7800A2DA83 /* Test Flight */,
			);
			defaultConfigurationIsVisible = 0;
			defaultConfigurationName = Release;
		};
/* End XCConfigurationList section */

/* Begin XCVersionGroup section */
		E372ECCF147EB81C008400D3 /* FPCBReader.xcdatamodeld */ = {
			isa = XCVersionGroup;
			children = (
				E372ECD0147EB81C008400D3 /* FPCBReader.xcdatamodel */,
			);
			currentVersion = E372ECD0147EB81C008400D3 /* FPCBReader.xcdatamodel */;
			path = FPCBReader.xcdatamodeld;
			sourceTree = "<group>";
			versionGroupType = wrapper.xcdatamodel;
		};
/* End XCVersionGroup section */
	};
	rootObject = E372ECAE147EB81C008400D3 /* Project object */;
}
