// !$*UTF8*$!
{
	archiveVersion = 1;
	classes = {
	};
	objectVersion = 46;
	objects = {

/* Begin PBXBuildFile section */
		E31CFEFB14804A2A0004377F /* CachedPassageSpec.mm in Sources */ = {isa = PBXBuildFile; fileRef = E31CFEF914804A2A0004377F /* CachedPassageSpec.mm */; };
		E343940814833DA0006343F4 /* CachedPassage+Spec.mm in Sources */ = {isa = PBXBuildFile; fileRef = E343940714833DA0006343F4 /* CachedPassage+Spec.mm */; };
		E343940B14834177006343F4 /* NotificationObserver.m in Sources */ = {isa = PBXBuildFile; fileRef = E343940A14834177006343F4 /* NotificationObserver.m */; };
		E343940E14834DAA006343F4 /* libPivotalSpecHelperKit-StaticLib.a in Frameworks */ = {isa = PBXBuildFile; fileRef = E343940314833C9C006343F4 /* libPivotalSpecHelperKit-StaticLib.a */; };
		E343943614836338006343F4 /* Reading.m in Sources */ = {isa = PBXBuildFile; fileRef = E343943514836338006343F4 /* Reading.m */; };
		E343943714836338006343F4 /* Reading.m in Sources */ = {isa = PBXBuildFile; fileRef = E343943514836338006343F4 /* Reading.m */; };
		E34394391483E38C006343F4 /* ReadingSpec.mm in Sources */ = {isa = PBXBuildFile; fileRef = E34394381483E38B006343F4 /* ReadingSpec.mm */; };
		E343943D1484AE16006343F4 /* NSDate+FPCBReader.m in Sources */ = {isa = PBXBuildFile; fileRef = E343943C1484AE16006343F4 /* NSDate+FPCBReader.m */; };
		E343943E1484AE16006343F4 /* NSDate+FPCBReader.m in Sources */ = {isa = PBXBuildFile; fileRef = E343943C1484AE16006343F4 /* NSDate+FPCBReader.m */; };
		E34394451484BB3D006343F4 /* ReaderTabBarController.m in Sources */ = {isa = PBXBuildFile; fileRef = E34394441484BB3D006343F4 /* ReaderTabBarController.m */; };
		E34394461484BB3D006343F4 /* ReaderTabBarController.m in Sources */ = {isa = PBXBuildFile; fileRef = E34394441484BB3D006343F4 /* ReaderTabBarController.m */; };
		E34394531484BD6C006343F4 /* ReadingViewController.xib in Resources */ = {isa = PBXBuildFile; fileRef = E34394501484BD6C006343F4 /* ReadingViewController.xib */; };
		E34394541484BD6C006343F4 /* ReadingViewController.xib in Resources */ = {isa = PBXBuildFile; fileRef = E34394501484BD6C006343F4 /* ReadingViewController.xib */; };
		E343945714853F8F006343F4 /* ReadingViewController.m in Sources */ = {isa = PBXBuildFile; fileRef = E343945614853F8F006343F4 /* ReadingViewController.m */; };
		E343945814853F8F006343F4 /* ReadingViewController.m in Sources */ = {isa = PBXBuildFile; fileRef = E343945614853F8F006343F4 /* ReadingViewController.m */; };
		E343945B14854359006343F4 /* Todays_ReadingViewControllerSpec.mm in Sources */ = {isa = PBXBuildFile; fileRef = E343945A14854359006343F4 /* Todays_ReadingViewControllerSpec.mm */; };
		E343945E148544BF006343F4 /* TodaysReadingDataSource.m in Sources */ = {isa = PBXBuildFile; fileRef = E343945D148544BF006343F4 /* TodaysReadingDataSource.m */; };
		E343945F148544BF006343F4 /* TodaysReadingDataSource.m in Sources */ = {isa = PBXBuildFile; fileRef = E343945D148544BF006343F4 /* TodaysReadingDataSource.m */; };
		E343946214860EE3006343F4 /* ReadingPlan.plist in Resources */ = {isa = PBXBuildFile; fileRef = E343946114860EE2006343F4 /* ReadingPlan.plist */; };
		E34394691486952F006343F4 /* Read.png in Resources */ = {isa = PBXBuildFile; fileRef = E34394671486952F006343F4 /* Read.png */; };
		E343946A1486952F006343F4 /* Read.png in Resources */ = {isa = PBXBuildFile; fileRef = E34394671486952F006343F4 /* Read.png */; };
		E343946B1486952F006343F4 /* Unread.png in Resources */ = {isa = PBXBuildFile; fileRef = E34394681486952F006343F4 /* Unread.png */; };
		E343946C1486952F006343F4 /* Unread.png in Resources */ = {isa = PBXBuildFile; fileRef = E34394681486952F006343F4 /* Unread.png */; };
		E372ECBC147EB81C008400D3 /* UIKit.framework in Frameworks */ = {isa = PBXBuildFile; fileRef = E372ECBB147EB81C008400D3 /* UIKit.framework */; };
		E372ECBE147EB81C008400D3 /* Foundation.framework in Frameworks */ = {isa = PBXBuildFile; fileRef = E372ECBD147EB81C008400D3 /* Foundation.framework */; };
		E372ECC0147EB81C008400D3 /* CoreGraphics.framework in Frameworks */ = {isa = PBXBuildFile; fileRef = E372ECBF147EB81C008400D3 /* CoreGraphics.framework */; };
		E372ECC2147EB81C008400D3 /* CoreData.framework in Frameworks */ = {isa = PBXBuildFile; fileRef = E372ECC1147EB81C008400D3 /* CoreData.framework */; };
		E372ECC8147EB81C008400D3 /* InfoPlist.strings in Resources */ = {isa = PBXBuildFile; fileRef = E372ECC6147EB81C008400D3 /* InfoPlist.strings */; };
		E372ECCA147EB81C008400D3 /* main.m in Sources */ = {isa = PBXBuildFile; fileRef = E372ECC9147EB81C008400D3 /* main.m */; };
		E372ECCE147EB81C008400D3 /* AppDelegate.m in Sources */ = {isa = PBXBuildFile; fileRef = E372ECCD147EB81C008400D3 /* AppDelegate.m */; };
		E372ECD1147EB81C008400D3 /* FPCBReader.xcdatamodeld in Sources */ = {isa = PBXBuildFile; fileRef = E372ECCF147EB81C008400D3 /* FPCBReader.xcdatamodeld */; };
		E372ECE9147EB92D008400D3 /* UIKit.framework in Frameworks */ = {isa = PBXBuildFile; fileRef = E372ECBB147EB81C008400D3 /* UIKit.framework */; };
		E372ECEA147EB92E008400D3 /* Foundation.framework in Frameworks */ = {isa = PBXBuildFile; fileRef = E372ECBD147EB81C008400D3 /* Foundation.framework */; };
		E372ECEB147EB92E008400D3 /* CoreGraphics.framework in Frameworks */ = {isa = PBXBuildFile; fileRef = E372ECBF147EB81C008400D3 /* CoreGraphics.framework */; };
		E372ECF1147EB92E008400D3 /* InfoPlist.strings in Resources */ = {isa = PBXBuildFile; fileRef = E372ECEF147EB92E008400D3 /* InfoPlist.strings */; };
		E372ECF3147EB92E008400D3 /* main.m in Sources */ = {isa = PBXBuildFile; fileRef = E372ECF2147EB92E008400D3 /* main.m */; };
		E3CB81C6148729B80073AD87 /* NextUnread_ReadingViewControllerSpec.mm in Sources */ = {isa = PBXBuildFile; fileRef = E3CB81C5148729B80073AD87 /* NextUnread_ReadingViewControllerSpec.mm */; };
		E3CB81C9148729F80073AD87 /* NextUnreadReadingDataSource.m in Sources */ = {isa = PBXBuildFile; fileRef = E3CB81C8148729F70073AD87 /* NextUnreadReadingDataSource.m */; };
		E3CB81CA148729F80073AD87 /* NextUnreadReadingDataSource.m in Sources */ = {isa = PBXBuildFile; fileRef = E3CB81C8148729F70073AD87 /* NextUnreadReadingDataSource.m */; };
		E3E8DB67147EBE5F005DC2FE /* Cedar-iPhone.framework in Frameworks */ = {isa = PBXBuildFile; fileRef = E3E8DB66147EBE5F005DC2FE /* Cedar-iPhone.framework */; };
		E3E8DB71147ED0A6005DC2FE /* CoreData.framework in Frameworks */ = {isa = PBXBuildFile; fileRef = E372ECC1147EB81C008400D3 /* CoreData.framework */; };
		E3E8DB74147ED119005DC2FE /* SpecEnvironment.m in Sources */ = {isa = PBXBuildFile; fileRef = E3E8DB73147ED119005DC2FE /* SpecEnvironment.m */; };
		E3E8DB79148043E6005DC2FE /* FPCBReader.xcdatamodeld in Sources */ = {isa = PBXBuildFile; fileRef = E372ECCF147EB81C008400D3 /* FPCBReader.xcdatamodeld */; };
		E3E8DB7E148044CF005DC2FE /* CachedPassage.m in Sources */ = {isa = PBXBuildFile; fileRef = E3E8DB7D148044CF005DC2FE /* CachedPassage.m */; };
		E3E8DB7F148044CF005DC2FE /* CachedPassage.m in Sources */ = {isa = PBXBuildFile; fileRef = E3E8DB7D148044CF005DC2FE /* CachedPassage.m */; };
		E3E8DB84148044D9005DC2FE /* DataManager.m in Sources */ = {isa = PBXBuildFile; fileRef = E3E8DB81148044D9005DC2FE /* DataManager.m */; };
		E3E8DB85148044D9005DC2FE /* DataManager.m in Sources */ = {isa = PBXBuildFile; fileRef = E3E8DB81148044D9005DC2FE /* DataManager.m */; };
		E3E8DB86148044D9005DC2FE /* Reader.m in Sources */ = {isa = PBXBuildFile; fileRef = E3E8DB83148044D9005DC2FE /* Reader.m */; };
		E3E8DB87148044D9005DC2FE /* Reader.m in Sources */ = {isa = PBXBuildFile; fileRef = E3E8DB83148044D9005DC2FE /* Reader.m */; };
/* End PBXBuildFile section */

/* Begin PBXContainerItemProxy section */
		E34393FA14833C9C006343F4 /* PBXContainerItemProxy */ = {
			isa = PBXContainerItemProxy;
			containerPortal = E34393EA14833C9C006343F4 /* PivotalCoreKit.xcodeproj */;
			proxyType = 2;
			remoteGlobalIDString = AEF15AC511C97E8B005B4F92;
			remoteInfo = PivotalCoreKit;
		};
		E34393FC14833C9C006343F4 /* PBXContainerItemProxy */ = {
			isa = PBXContainerItemProxy;
			containerPortal = E34393EA14833C9C006343F4 /* PivotalCoreKit.xcodeproj */;
			proxyType = 2;
			remoteGlobalIDString = AEF15AE011C97F15005B4F92;
			remoteInfo = PivotalSpecHelperKit;
		};
		E34393FE14833C9C006343F4 /* PBXContainerItemProxy */ = {
			isa = PBXContainerItemProxy;
			containerPortal = E34393EA14833C9C006343F4 /* PivotalCoreKit.xcodeproj */;
			proxyType = 2;
			remoteGlobalIDString = AECC4BBA11C6E2280027AB1B;
			remoteInfo = Spec;
		};
		E343940014833C9C006343F4 /* PBXContainerItemProxy */ = {
			isa = PBXContainerItemProxy;
			containerPortal = E34393EA14833C9C006343F4 /* PivotalCoreKit.xcodeproj */;
			proxyType = 2;
			remoteGlobalIDString = AE138E7011E542BF004E825D;
			remoteInfo = "PivotalCoreKit-StaticLib";
		};
		E343940214833C9C006343F4 /* PBXContainerItemProxy */ = {
			isa = PBXContainerItemProxy;
			containerPortal = E34393EA14833C9C006343F4 /* PivotalCoreKit.xcodeproj */;
			proxyType = 2;
			remoteGlobalIDString = AE138F4611E548B5004E825D;
			remoteInfo = "PivotalSpecHelperKit-StaticLib";
		};
		E343940414833C9C006343F4 /* PBXContainerItemProxy */ = {
			isa = PBXContainerItemProxy;
			containerPortal = E34393EA14833C9C006343F4 /* PivotalCoreKit.xcodeproj */;
			proxyType = 2;
			remoteGlobalIDString = 6696DFC21266DE6C00111E23;
			remoteInfo = UISpec;
		};
		E343940C14834DA3006343F4 /* PBXContainerItemProxy */ = {
			isa = PBXContainerItemProxy;
			containerPortal = E34393EA14833C9C006343F4 /* PivotalCoreKit.xcodeproj */;
			proxyType = 1;
			remoteGlobalIDString = AE138F4511E548B5004E825D;
			remoteInfo = "PivotalSpecHelperKit-StaticLib";
		};
		E3E8DB53147EBD74005DC2FE /* PBXContainerItemProxy */ = {
			isa = PBXContainerItemProxy;
			containerPortal = E3E8DB3F147EBD74005DC2FE /* Cedar.xcodeproj */;
			proxyType = 2;
			remoteGlobalIDString = AEEE1FB611DC271300029872;
			remoteInfo = Cedar;
		};
		E3E8DB55147EBD74005DC2FE /* PBXContainerItemProxy */ = {
			isa = PBXContainerItemProxy;
			containerPortal = E3E8DB3F147EBD74005DC2FE /* Cedar.xcodeproj */;
			proxyType = 2;
			remoteGlobalIDString = AEEE218611DC28E200029872;
			remoteInfo = Specs;
		};
		E3E8DB57147EBD74005DC2FE /* PBXContainerItemProxy */ = {
			isa = PBXContainerItemProxy;
			containerPortal = E3E8DB3F147EBD74005DC2FE /* Cedar.xcodeproj */;
			proxyType = 2;
			remoteGlobalIDString = 96A07F0813F276640021974D;
			remoteInfo = FocusedSpecs;
		};
		E3E8DB59147EBD74005DC2FE /* PBXContainerItemProxy */ = {
			isa = PBXContainerItemProxy;
			containerPortal = E3E8DB3F147EBD74005DC2FE /* Cedar.xcodeproj */;
			proxyType = 2;
			remoteGlobalIDString = AEEE222911DC2B0600029872;
			remoteInfo = "Cedar-StaticLib";
		};
		E3E8DB5B147EBD74005DC2FE /* PBXContainerItemProxy */ = {
			isa = PBXContainerItemProxy;
			containerPortal = E3E8DB3F147EBD74005DC2FE /* Cedar.xcodeproj */;
			proxyType = 2;
			remoteGlobalIDString = AEEE227611DC2CF900029872;
			remoteInfo = iPhoneSpecs;
		};
		E3E8DB5D147EBD74005DC2FE /* PBXContainerItemProxy */ = {
			isa = PBXContainerItemProxy;
			containerPortal = E3E8DB3F147EBD74005DC2FE /* Cedar.xcodeproj */;
			proxyType = 2;
			remoteGlobalIDString = 96B5F9F6144A81A7000A6A5D;
			remoteInfo = OCUnitApp;
		};
		E3E8DB5F147EBD74005DC2FE /* PBXContainerItemProxy */ = {
			isa = PBXContainerItemProxy;
			containerPortal = E3E8DB3F147EBD74005DC2FE /* Cedar.xcodeproj */;
			proxyType = 2;
			remoteGlobalIDString = 96B5FA11144A81A8000A6A5D;
			remoteInfo = OCUnitAppTests;
		};
		E3E8DB61147EBD74005DC2FE /* PBXContainerItemProxy */ = {
			isa = PBXContainerItemProxy;
			containerPortal = E3E8DB3F147EBD74005DC2FE /* Cedar.xcodeproj */;
			proxyType = 2;
			remoteGlobalIDString = 96158A86144A915E005895CE;
			remoteInfo = OCUnitAppLogicTests;
		};
/* End PBXContainerItemProxy section */

/* Begin PBXFileReference section */
		E31CFEF914804A2A0004377F /* CachedPassageSpec.mm */ = {isa = PBXFileReference; fileEncoding = 4; lastKnownFileType = sourcecode.cpp.objcpp; path = CachedPassageSpec.mm; sourceTree = "<group>"; };
		E34393EA14833C9C006343F4 /* PivotalCoreKit.xcodeproj */ = {isa = PBXFileReference; lastKnownFileType = "wrapper.pb-project"; name = PivotalCoreKit.xcodeproj; path = Externals/PivotalCoreKit/PivotalCoreKit.xcodeproj; sourceTree = "<group>"; };
		E343940614833DA0006343F4 /* CachedPassage+Spec.h */ = {isa = PBXFileReference; fileEncoding = 4; lastKnownFileType = sourcecode.c.h; path = "CachedPassage+Spec.h"; sourceTree = "<group>"; };
		E343940714833DA0006343F4 /* CachedPassage+Spec.mm */ = {isa = PBXFileReference; fileEncoding = 4; lastKnownFileType = sourcecode.cpp.objcpp; path = "CachedPassage+Spec.mm"; sourceTree = "<group>"; };
		E343940914834177006343F4 /* NotificationObserver.h */ = {isa = PBXFileReference; fileEncoding = 4; lastKnownFileType = sourcecode.c.h; path = NotificationObserver.h; sourceTree = "<group>"; };
		E343940A14834177006343F4 /* NotificationObserver.m */ = {isa = PBXFileReference; fileEncoding = 4; lastKnownFileType = sourcecode.c.objc; path = NotificationObserver.m; sourceTree = "<group>"; };
		E343943414836338006343F4 /* Reading.h */ = {isa = PBXFileReference; fileEncoding = 4; lastKnownFileType = sourcecode.c.h; path = Reading.h; sourceTree = "<group>"; };
		E343943514836338006343F4 /* Reading.m */ = {isa = PBXFileReference; fileEncoding = 4; lastKnownFileType = sourcecode.c.objc; path = Reading.m; sourceTree = "<group>"; };
		E34394381483E38B006343F4 /* ReadingSpec.mm */ = {isa = PBXFileReference; fileEncoding = 4; lastKnownFileType = sourcecode.cpp.objcpp; path = ReadingSpec.mm; sourceTree = "<group>"; };
		E343943A1483EC22006343F4 /* SpecEnvironment.h */ = {isa = PBXFileReference; fileEncoding = 4; lastKnownFileType = sourcecode.c.h; path = SpecEnvironment.h; sourceTree = "<group>"; };
		E343943B1484AE16006343F4 /* NSDate+FPCBReader.h */ = {isa = PBXFileReference; fileEncoding = 4; lastKnownFileType = sourcecode.c.h; path = "NSDate+FPCBReader.h"; sourceTree = "<group>"; };
		E343943C1484AE16006343F4 /* NSDate+FPCBReader.m */ = {isa = PBXFileReference; fileEncoding = 4; lastKnownFileType = sourcecode.c.objc; path = "NSDate+FPCBReader.m"; sourceTree = "<group>"; };
		E34394431484BB3D006343F4 /* ReaderTabBarController.h */ = {isa = PBXFileReference; fileEncoding = 4; lastKnownFileType = sourcecode.c.h; name = ReaderTabBarController.h; path = App/UI/ReaderTabBarController.h; sourceTree = SOURCE_ROOT; };
		E34394441484BB3D006343F4 /* ReaderTabBarController.m */ = {isa = PBXFileReference; fileEncoding = 4; lastKnownFileType = sourcecode.c.objc; name = ReaderTabBarController.m; path = App/UI/ReaderTabBarController.m; sourceTree = SOURCE_ROOT; };
		E34394501484BD6C006343F4 /* ReadingViewController.xib */ = {isa = PBXFileReference; fileEncoding = 4; lastKnownFileType = file.xib; path = ReadingViewController.xib; sourceTree = "<group>"; };
		E343945514853F8F006343F4 /* ReadingViewController.h */ = {isa = PBXFileReference; fileEncoding = 4; lastKnownFileType = sourcecode.c.h; path = ReadingViewController.h; sourceTree = "<group>"; };
		E343945614853F8F006343F4 /* ReadingViewController.m */ = {isa = PBXFileReference; fileEncoding = 4; lastKnownFileType = sourcecode.c.objc; path = ReadingViewController.m; sourceTree = "<group>"; };
		E343945A14854359006343F4 /* Todays_ReadingViewControllerSpec.mm */ = {isa = PBXFileReference; fileEncoding = 4; lastKnownFileType = sourcecode.cpp.objcpp; path = Todays_ReadingViewControllerSpec.mm; sourceTree = "<group>"; };
		E343945C148544BE006343F4 /* TodaysReadingDataSource.h */ = {isa = PBXFileReference; fileEncoding = 4; lastKnownFileType = sourcecode.c.h; path = TodaysReadingDataSource.h; sourceTree = "<group>"; };
		E343945D148544BF006343F4 /* TodaysReadingDataSource.m */ = {isa = PBXFileReference; fileEncoding = 4; lastKnownFileType = sourcecode.c.objc; path = TodaysReadingDataSource.m; sourceTree = "<group>"; };
		E34394601485C9E3006343F4 /* ReadingDataSource.h */ = {isa = PBXFileReference; fileEncoding = 4; lastKnownFileType = sourcecode.c.h; path = ReadingDataSource.h; sourceTree = "<group>"; };
		E343946114860EE2006343F4 /* ReadingPlan.plist */ = {isa = PBXFileReference; fileEncoding = 4; lastKnownFileType = text.plist.xml; path = ReadingPlan.plist; sourceTree = "<group>"; };
		E34394671486952F006343F4 /* Read.png */ = {isa = PBXFileReference; lastKnownFileType = image.png; path = Read.png; sourceTree = "<group>"; };
		E34394681486952F006343F4 /* Unread.png */ = {isa = PBXFileReference; lastKnownFileType = image.png; path = Unread.png; sourceTree = "<group>"; };
		E372ECB7147EB81C008400D3 /* FPCBReader.app */ = {isa = PBXFileReference; explicitFileType = wrapper.application; includeInIndex = 0; path = FPCBReader.app; sourceTree = BUILT_PRODUCTS_DIR; };
		E372ECBB147EB81C008400D3 /* UIKit.framework */ = {isa = PBXFileReference; lastKnownFileType = wrapper.framework; name = UIKit.framework; path = System/Library/Frameworks/UIKit.framework; sourceTree = SDKROOT; };
		E372ECBD147EB81C008400D3 /* Foundation.framework */ = {isa = PBXFileReference; lastKnownFileType = wrapper.framework; name = Foundation.framework; path = System/Library/Frameworks/Foundation.framework; sourceTree = SDKROOT; };
		E372ECBF147EB81C008400D3 /* CoreGraphics.framework */ = {isa = PBXFileReference; lastKnownFileType = wrapper.framework; name = CoreGraphics.framework; path = System/Library/Frameworks/CoreGraphics.framework; sourceTree = SDKROOT; };
		E372ECC1147EB81C008400D3 /* CoreData.framework */ = {isa = PBXFileReference; lastKnownFileType = wrapper.framework; name = CoreData.framework; path = System/Library/Frameworks/CoreData.framework; sourceTree = SDKROOT; };
		E372ECC5147EB81C008400D3 /* FPCBReader-Info.plist */ = {isa = PBXFileReference; lastKnownFileType = text.plist.xml; path = "FPCBReader-Info.plist"; sourceTree = "<group>"; };
		E372ECC7147EB81C008400D3 /* en */ = {isa = PBXFileReference; lastKnownFileType = text.plist.strings; name = en; path = en.lproj/InfoPlist.strings; sourceTree = "<group>"; };
		E372ECC9147EB81C008400D3 /* main.m */ = {isa = PBXFileReference; lastKnownFileType = sourcecode.c.objc; path = main.m; sourceTree = "<group>"; };
		E372ECCB147EB81C008400D3 /* FPCBReader-Prefix.pch */ = {isa = PBXFileReference; lastKnownFileType = sourcecode.c.h; path = "FPCBReader-Prefix.pch"; sourceTree = "<group>"; };
		E372ECCC147EB81C008400D3 /* AppDelegate.h */ = {isa = PBXFileReference; lastKnownFileType = sourcecode.c.h; path = AppDelegate.h; sourceTree = "<group>"; };
		E372ECCD147EB81C008400D3 /* AppDelegate.m */ = {isa = PBXFileReference; lastKnownFileType = sourcecode.c.objc; path = AppDelegate.m; sourceTree = "<group>"; };
		E372ECD0147EB81C008400D3 /* FPCBReader.xcdatamodel */ = {isa = PBXFileReference; lastKnownFileType = wrapper.xcdatamodel; path = FPCBReader.xcdatamodel; sourceTree = "<group>"; };
		E372ECE7147EB92D008400D3 /* UISpecs.app */ = {isa = PBXFileReference; explicitFileType = wrapper.application; includeInIndex = 0; path = UISpecs.app; sourceTree = BUILT_PRODUCTS_DIR; };
		E372ECEE147EB92E008400D3 /* UISpecs-Info.plist */ = {isa = PBXFileReference; lastKnownFileType = text.plist.xml; path = "UISpecs-Info.plist"; sourceTree = "<group>"; };
		E372ECF0147EB92E008400D3 /* en */ = {isa = PBXFileReference; lastKnownFileType = text.plist.strings; name = en; path = en.lproj/InfoPlist.strings; sourceTree = "<group>"; };
		E372ECF2147EB92E008400D3 /* main.m */ = {isa = PBXFileReference; lastKnownFileType = sourcecode.c.objc; path = main.m; sourceTree = "<group>"; };
		E372ECF4147EB92E008400D3 /* UISpecs-Prefix.pch */ = {isa = PBXFileReference; lastKnownFileType = sourcecode.c.h; path = "UISpecs-Prefix.pch"; sourceTree = "<group>"; };
		E3CB81C5148729B80073AD87 /* NextUnread_ReadingViewControllerSpec.mm */ = {isa = PBXFileReference; fileEncoding = 4; lastKnownFileType = sourcecode.cpp.objcpp; path = NextUnread_ReadingViewControllerSpec.mm; sourceTree = "<group>"; };
		E3CB81C7148729F70073AD87 /* NextUnreadReadingDataSource.h */ = {isa = PBXFileReference; fileEncoding = 4; lastKnownFileType = sourcecode.c.h; path = NextUnreadReadingDataSource.h; sourceTree = "<group>"; };
		E3CB81C8148729F70073AD87 /* NextUnreadReadingDataSource.m */ = {isa = PBXFileReference; fileEncoding = 4; lastKnownFileType = sourcecode.c.objc; path = NextUnreadReadingDataSource.m; sourceTree = "<group>"; };
		E3E8DB3F147EBD74005DC2FE /* Cedar.xcodeproj */ = {isa = PBXFileReference; lastKnownFileType = "wrapper.pb-project"; name = Cedar.xcodeproj; path = Externals/Cedar/Cedar.xcodeproj; sourceTree = "<group>"; };
		E3E8DB66147EBE5F005DC2FE /* Cedar-iPhone.framework */ = {isa = PBXFileReference; lastKnownFileType = wrapper.framework; name = "Cedar-iPhone.framework"; path = "Externals/Cedar/build/Debug-iphoneuniversal/Cedar-iPhone.framework"; sourceTree = "<group>"; };
		E3E8DB73147ED119005DC2FE /* SpecEnvironment.m */ = {isa = PBXFileReference; fileEncoding = 4; lastKnownFileType = sourcecode.c.objc; path = SpecEnvironment.m; sourceTree = "<group>"; };
		E3E8DB7C148044CF005DC2FE /* CachedPassage.h */ = {isa = PBXFileReference; fileEncoding = 4; lastKnownFileType = sourcecode.c.h; path = CachedPassage.h; sourceTree = "<group>"; };
		E3E8DB7D148044CF005DC2FE /* CachedPassage.m */ = {isa = PBXFileReference; fileEncoding = 4; lastKnownFileType = sourcecode.c.objc; path = CachedPassage.m; sourceTree = "<group>"; };
		E3E8DB80148044D9005DC2FE /* DataManager.h */ = {isa = PBXFileReference; fileEncoding = 4; lastKnownFileType = sourcecode.c.h; path = DataManager.h; sourceTree = "<group>"; };
		E3E8DB81148044D9005DC2FE /* DataManager.m */ = {isa = PBXFileReference; fileEncoding = 4; lastKnownFileType = sourcecode.c.objc; path = DataManager.m; sourceTree = "<group>"; };
		E3E8DB82148044D9005DC2FE /* Reader.h */ = {isa = PBXFileReference; fileEncoding = 4; lastKnownFileType = sourcecode.c.h; path = Reader.h; sourceTree = "<group>"; };
		E3E8DB83148044D9005DC2FE /* Reader.m */ = {isa = PBXFileReference; fileEncoding = 4; lastKnownFileType = sourcecode.c.objc; path = Reader.m; sourceTree = "<group>"; };
/* End PBXFileReference section */

/* Begin PBXFrameworksBuildPhase section */
		E372ECB4147EB81C008400D3 /* Frameworks */ = {
			isa = PBXFrameworksBuildPhase;
			buildActionMask = 2147483647;
			files = (
				E372ECBC147EB81C008400D3 /* UIKit.framework in Frameworks */,
				E372ECBE147EB81C008400D3 /* Foundation.framework in Frameworks */,
				E372ECC0147EB81C008400D3 /* CoreGraphics.framework in Frameworks */,
				E372ECC2147EB81C008400D3 /* CoreData.framework in Frameworks */,
			);
			runOnlyForDeploymentPostprocessing = 0;
		};
		E372ECE4147EB92D008400D3 /* Frameworks */ = {
			isa = PBXFrameworksBuildPhase;
			buildActionMask = 2147483647;
			files = (
				E343940E14834DAA006343F4 /* libPivotalSpecHelperKit-StaticLib.a in Frameworks */,
				E3E8DB71147ED0A6005DC2FE /* CoreData.framework in Frameworks */,
				E3E8DB67147EBE5F005DC2FE /* Cedar-iPhone.framework in Frameworks */,
				E372ECE9147EB92D008400D3 /* UIKit.framework in Frameworks */,
				E372ECEA147EB92E008400D3 /* Foundation.framework in Frameworks */,
				E372ECEB147EB92E008400D3 /* CoreGraphics.framework in Frameworks */,
			);
			runOnlyForDeploymentPostprocessing = 0;
		};
/* End PBXFrameworksBuildPhase section */

/* Begin PBXGroup section */
		E34393EB14833C9C006343F4 /* Products */ = {
			isa = PBXGroup;
			children = (
				E34393FB14833C9C006343F4 /* PivotalCoreKit.framework */,
				E34393FD14833C9C006343F4 /* PivotalSpecHelperKit.framework */,
				E34393FF14833C9C006343F4 /* Spec */,
				E343940114833C9C006343F4 /* libPivotalCoreKit-StaticLib.a */,
				E343940314833C9C006343F4 /* libPivotalSpecHelperKit-StaticLib.a */,
				E343940514833C9C006343F4 /* UISpec.app */,
			);
			name = Products;
			sourceTree = "<group>";
		};
		E343943F1484B6C4006343F4 /* UI */ = {
			isa = PBXGroup;
			children = (
				E34394431484BB3D006343F4 /* ReaderTabBarController.h */,
				E34394441484BB3D006343F4 /* ReaderTabBarController.m */,
				E343945514853F8F006343F4 /* ReadingViewController.h */,
				E343945614853F8F006343F4 /* ReadingViewController.m */,
				E34394501484BD6C006343F4 /* ReadingViewController.xib */,
			);
			path = UI;
			sourceTree = "<group>";
		};
		E343945914854330006343F4 /* UI */ = {
			isa = PBXGroup;
			children = (
				E3CB81C5148729B80073AD87 /* NextUnread_ReadingViewControllerSpec.mm */,
				E343945A14854359006343F4 /* Todays_ReadingViewControllerSpec.mm */,
			);
			path = UI;
			sourceTree = "<group>";
		};
		E343946614869514006343F4 /* Resources */ = {
			isa = PBXGroup;
			children = (
				E34394671486952F006343F4 /* Read.png */,
				E34394681486952F006343F4 /* Unread.png */,
			);
			name = Resources;
			path = Resources/Production;
			sourceTree = "<group>";
		};
		E372ECAC147EB81C008400D3 = {
			isa = PBXGroup;
			children = (
				E343946614869514006343F4 /* Resources */,
				E372ECD7147EB879008400D3 /* App */,
				E372ECC3147EB81C008400D3 /* FPCBReader */,
				E372ECEC147EB92E008400D3 /* UISpecs */,
				E372ECBA147EB81C008400D3 /* Frameworks */,
				E372ECB8147EB81C008400D3 /* Products */,
				E3E8DB63147EBD79005DC2FE /* Externals */,
			);
			sourceTree = "<group>";
		};
		E372ECB8147EB81C008400D3 /* Products */ = {
			isa = PBXGroup;
			children = (
				E372ECB7147EB81C008400D3 /* FPCBReader.app */,
				E372ECE7147EB92D008400D3 /* UISpecs.app */,
			);
			name = Products;
			sourceTree = "<group>";
		};
		E372ECBA147EB81C008400D3 /* Frameworks */ = {
			isa = PBXGroup;
			children = (
				E3E8DB66147EBE5F005DC2FE /* Cedar-iPhone.framework */,
				E372ECBB147EB81C008400D3 /* UIKit.framework */,
				E372ECBD147EB81C008400D3 /* Foundation.framework */,
				E372ECBF147EB81C008400D3 /* CoreGraphics.framework */,
				E372ECC1147EB81C008400D3 /* CoreData.framework */,
			);
			name = Frameworks;
			sourceTree = "<group>";
		};
		E372ECC3147EB81C008400D3 /* FPCBReader */ = {
			isa = PBXGroup;
			children = (
				E372ECCC147EB81C008400D3 /* AppDelegate.h */,
				E372ECCD147EB81C008400D3 /* AppDelegate.m */,
				E372ECCF147EB81C008400D3 /* FPCBReader.xcdatamodeld */,
				E372ECC4147EB81C008400D3 /* Supporting Files */,
			);
			path = FPCBReader;
			sourceTree = "<group>";
		};
		E372ECC4147EB81C008400D3 /* Supporting Files */ = {
			isa = PBXGroup;
			children = (
				E372ECC5147EB81C008400D3 /* FPCBReader-Info.plist */,
				E372ECC6147EB81C008400D3 /* InfoPlist.strings */,
				E372ECC9147EB81C008400D3 /* main.m */,
				E372ECCB147EB81C008400D3 /* FPCBReader-Prefix.pch */,
			);
			name = "Supporting Files";
			sourceTree = "<group>";
		};
		E372ECD7147EB879008400D3 /* App */ = {
			isa = PBXGroup;
			children = (
				E343943F1484B6C4006343F4 /* UI */,
				E3E8DB7B14804479005DC2FE /* Global */,
				E3E8DB7A1480445D005DC2FE /* Domain */,
				E343946114860EE2006343F4 /* ReadingPlan.plist */,
			);
			path = App;
			sourceTree = "<group>";
		};
		E372ECEC147EB92E008400D3 /* UISpecs */ = {
			isa = PBXGroup;
			children = (
				E343945914854330006343F4 /* UI */,
				E3E8DB8C14804531005DC2FE /* Domain */,
				E3E8DB68147EBEAE005DC2FE /* Helpers */,
				E372ECED147EB92E008400D3 /* Supporting Files */,
			);
			path = UISpecs;
			sourceTree = "<group>";
		};
		E372ECED147EB92E008400D3 /* Supporting Files */ = {
			isa = PBXGroup;
			children = (
				E372ECEE147EB92E008400D3 /* UISpecs-Info.plist */,
				E372ECEF147EB92E008400D3 /* InfoPlist.strings */,
				E372ECF2147EB92E008400D3 /* main.m */,
				E372ECF4147EB92E008400D3 /* UISpecs-Prefix.pch */,
			);
			name = "Supporting Files";
			sourceTree = "<group>";
		};
		E3E8DB40147EBD74005DC2FE /* Products */ = {
			isa = PBXGroup;
			children = (
				E3E8DB54147EBD74005DC2FE /* Cedar.framework */,
				E3E8DB56147EBD74005DC2FE /* Specs */,
				E3E8DB58147EBD74005DC2FE /* FocusedSpecs */,
				E3E8DB5A147EBD74005DC2FE /* libCedar-StaticLib.a */,
				E3E8DB5C147EBD74005DC2FE /* iPhoneSpecs.app */,
				E3E8DB5E147EBD74005DC2FE /* OCUnitApp.app */,
				E3E8DB60147EBD74005DC2FE /* OCUnitAppTests.octest */,
				E3E8DB62147EBD74005DC2FE /* OCUnitAppLogicTests.octest */,
			);
			name = Products;
			sourceTree = "<group>";
		};
		E3E8DB63147EBD79005DC2FE /* Externals */ = {
			isa = PBXGroup;
			children = (
				E34393EA14833C9C006343F4 /* PivotalCoreKit.xcodeproj */,
				E3E8DB3F147EBD74005DC2FE /* Cedar.xcodeproj */,
			);
			name = Externals;
			sourceTree = "<group>";
		};
		E3E8DB68147EBEAE005DC2FE /* Helpers */ = {
			isa = PBXGroup;
			children = (
				E3E8DB73147ED119005DC2FE /* SpecEnvironment.m */,
				E343943A1483EC22006343F4 /* SpecEnvironment.h */,
				E343940614833DA0006343F4 /* CachedPassage+Spec.h */,
				E343940714833DA0006343F4 /* CachedPassage+Spec.mm */,
				E343940914834177006343F4 /* NotificationObserver.h */,
				E343940A14834177006343F4 /* NotificationObserver.m */,
			);
			path = Helpers;
			sourceTree = "<group>";
		};
		E3E8DB7A1480445D005DC2FE /* Domain */ = {
			isa = PBXGroup;
			children = (
				E3E8DB7C148044CF005DC2FE /* CachedPassage.h */,
				E3E8DB7D148044CF005DC2FE /* CachedPassage.m */,
				E343943414836338006343F4 /* Reading.h */,
				E343943514836338006343F4 /* Reading.m */,
				E343943B1484AE16006343F4 /* NSDate+FPCBReader.h */,
				E343943C1484AE16006343F4 /* NSDate+FPCBReader.m */,
				E343945C148544BE006343F4 /* TodaysReadingDataSource.h */,
				E343945D148544BF006343F4 /* TodaysReadingDataSource.m */,
				E3CB81C7148729F70073AD87 /* NextUnreadReadingDataSource.h */,
				E3CB81C8148729F70073AD87 /* NextUnreadReadingDataSource.m */,
				E34394601485C9E3006343F4 /* ReadingDataSource.h */,
			);
			path = Domain;
			sourceTree = "<group>";
		};
		E3E8DB7B14804479005DC2FE /* Global */ = {
			isa = PBXGroup;
			children = (
				E3E8DB80148044D9005DC2FE /* DataManager.h */,
				E3E8DB81148044D9005DC2FE /* DataManager.m */,
				E3E8DB82148044D9005DC2FE /* Reader.h */,
				E3E8DB83148044D9005DC2FE /* Reader.m */,
			);
			path = Global;
			sourceTree = "<group>";
		};
		E3E8DB8C14804531005DC2FE /* Domain */ = {
			isa = PBXGroup;
			children = (
				E31CFEF914804A2A0004377F /* CachedPassageSpec.mm */,
				E34394381483E38B006343F4 /* ReadingSpec.mm */,
			);
			path = Domain;
			sourceTree = "<group>";
		};
/* End PBXGroup section */

/* Begin PBXNativeTarget section */
		E372ECB6147EB81C008400D3 /* FPCBReader */ = {
			isa = PBXNativeTarget;
			buildConfigurationList = E372ECD4147EB81C008400D3 /* Build configuration list for PBXNativeTarget "FPCBReader" */;
			buildPhases = (
				E372ECB3147EB81C008400D3 /* Sources */,
				E372ECB4147EB81C008400D3 /* Frameworks */,
				E372ECB5147EB81C008400D3 /* Resources */,
			);
			buildRules = (
			);
			dependencies = (
			);
			name = FPCBReader;
			productName = FPCBReader;
			productReference = E372ECB7147EB81C008400D3 /* FPCBReader.app */;
			productType = "com.apple.product-type.application";
		};
		E372ECE6147EB92D008400D3 /* UISpecs */ = {
			isa = PBXNativeTarget;
			buildConfigurationList = E372ECF8147EB92E008400D3 /* Build configuration list for PBXNativeTarget "UISpecs" */;
			buildPhases = (
				E372ECE3147EB92D008400D3 /* Sources */,
				E372ECE4147EB92D008400D3 /* Frameworks */,
				E372ECE5147EB92D008400D3 /* Resources */,
			);
			buildRules = (
			);
			dependencies = (
				E343940D14834DA3006343F4 /* PBXTargetDependency */,
			);
			name = UISpecs;
			productName = UISpecs;
			productReference = E372ECE7147EB92D008400D3 /* UISpecs.app */;
			productType = "com.apple.product-type.application";
		};
/* End PBXNativeTarget section */

/* Begin PBXProject section */
		E372ECAE147EB81C008400D3 /* Project object */ = {
			isa = PBXProject;
			attributes = {
				LastUpgradeCheck = 0420;
				ORGANIZATIONNAME = "Pivotal Labs";
			};
			buildConfigurationList = E372ECB1147EB81C008400D3 /* Build configuration list for PBXProject "FPCBReader" */;
			compatibilityVersion = "Xcode 3.2";
			developmentRegion = English;
			hasScannedForEncodings = 0;
			knownRegions = (
				en,
			);
			mainGroup = E372ECAC147EB81C008400D3;
			productRefGroup = E372ECB8147EB81C008400D3 /* Products */;
			projectDirPath = "";
			projectReferences = (
				{
					ProductGroup = E3E8DB40147EBD74005DC2FE /* Products */;
					ProjectRef = E3E8DB3F147EBD74005DC2FE /* Cedar.xcodeproj */;
				},
				{
					ProductGroup = E34393EB14833C9C006343F4 /* Products */;
					ProjectRef = E34393EA14833C9C006343F4 /* PivotalCoreKit.xcodeproj */;
				},
			);
			projectRoot = "";
			targets = (
				E372ECB6147EB81C008400D3 /* FPCBReader */,
				E372ECE6147EB92D008400D3 /* UISpecs */,
			);
		};
/* End PBXProject section */

/* Begin PBXReferenceProxy section */
		E34393FB14833C9C006343F4 /* PivotalCoreKit.framework */ = {
			isa = PBXReferenceProxy;
			fileType = wrapper.framework;
			path = PivotalCoreKit.framework;
			remoteRef = E34393FA14833C9C006343F4 /* PBXContainerItemProxy */;
			sourceTree = BUILT_PRODUCTS_DIR;
		};
		E34393FD14833C9C006343F4 /* PivotalSpecHelperKit.framework */ = {
			isa = PBXReferenceProxy;
			fileType = wrapper.framework;
			path = PivotalSpecHelperKit.framework;
			remoteRef = E34393FC14833C9C006343F4 /* PBXContainerItemProxy */;
			sourceTree = BUILT_PRODUCTS_DIR;
		};
		E34393FF14833C9C006343F4 /* Spec */ = {
			isa = PBXReferenceProxy;
			fileType = "compiled.mach-o.executable";
			path = Spec;
			remoteRef = E34393FE14833C9C006343F4 /* PBXContainerItemProxy */;
			sourceTree = BUILT_PRODUCTS_DIR;
		};
		E343940114833C9C006343F4 /* libPivotalCoreKit-StaticLib.a */ = {
			isa = PBXReferenceProxy;
			fileType = archive.ar;
			path = "libPivotalCoreKit-StaticLib.a";
			remoteRef = E343940014833C9C006343F4 /* PBXContainerItemProxy */;
			sourceTree = BUILT_PRODUCTS_DIR;
		};
		E343940314833C9C006343F4 /* libPivotalSpecHelperKit-StaticLib.a */ = {
			isa = PBXReferenceProxy;
			fileType = archive.ar;
			path = "libPivotalSpecHelperKit-StaticLib.a";
			remoteRef = E343940214833C9C006343F4 /* PBXContainerItemProxy */;
			sourceTree = BUILT_PRODUCTS_DIR;
		};
		E343940514833C9C006343F4 /* UISpec.app */ = {
			isa = PBXReferenceProxy;
			fileType = wrapper.application;
			path = UISpec.app;
			remoteRef = E343940414833C9C006343F4 /* PBXContainerItemProxy */;
			sourceTree = BUILT_PRODUCTS_DIR;
		};
		E3E8DB54147EBD74005DC2FE /* Cedar.framework */ = {
			isa = PBXReferenceProxy;
			fileType = wrapper.framework;
			path = Cedar.framework;
			remoteRef = E3E8DB53147EBD74005DC2FE /* PBXContainerItemProxy */;
			sourceTree = BUILT_PRODUCTS_DIR;
		};
		E3E8DB56147EBD74005DC2FE /* Specs */ = {
			isa = PBXReferenceProxy;
			fileType = "compiled.mach-o.executable";
			path = Specs;
			remoteRef = E3E8DB55147EBD74005DC2FE /* PBXContainerItemProxy */;
			sourceTree = BUILT_PRODUCTS_DIR;
		};
		E3E8DB58147EBD74005DC2FE /* FocusedSpecs */ = {
			isa = PBXReferenceProxy;
			fileType = "compiled.mach-o.executable";
			path = FocusedSpecs;
			remoteRef = E3E8DB57147EBD74005DC2FE /* PBXContainerItemProxy */;
			sourceTree = BUILT_PRODUCTS_DIR;
		};
		E3E8DB5A147EBD74005DC2FE /* libCedar-StaticLib.a */ = {
			isa = PBXReferenceProxy;
			fileType = archive.ar;
			path = "libCedar-StaticLib.a";
			remoteRef = E3E8DB59147EBD74005DC2FE /* PBXContainerItemProxy */;
			sourceTree = BUILT_PRODUCTS_DIR;
		};
		E3E8DB5C147EBD74005DC2FE /* iPhoneSpecs.app */ = {
			isa = PBXReferenceProxy;
			fileType = wrapper.application;
			path = iPhoneSpecs.app;
			remoteRef = E3E8DB5B147EBD74005DC2FE /* PBXContainerItemProxy */;
			sourceTree = BUILT_PRODUCTS_DIR;
		};
		E3E8DB5E147EBD74005DC2FE /* OCUnitApp.app */ = {
			isa = PBXReferenceProxy;
			fileType = wrapper.application;
			path = OCUnitApp.app;
			remoteRef = E3E8DB5D147EBD74005DC2FE /* PBXContainerItemProxy */;
			sourceTree = BUILT_PRODUCTS_DIR;
		};
		E3E8DB60147EBD74005DC2FE /* OCUnitAppTests.octest */ = {
			isa = PBXReferenceProxy;
			fileType = wrapper.cfbundle;
			path = OCUnitAppTests.octest;
			remoteRef = E3E8DB5F147EBD74005DC2FE /* PBXContainerItemProxy */;
			sourceTree = BUILT_PRODUCTS_DIR;
		};
		E3E8DB62147EBD74005DC2FE /* OCUnitAppLogicTests.octest */ = {
			isa = PBXReferenceProxy;
			fileType = wrapper.cfbundle;
			path = OCUnitAppLogicTests.octest;
			remoteRef = E3E8DB61147EBD74005DC2FE /* PBXContainerItemProxy */;
			sourceTree = BUILT_PRODUCTS_DIR;
		};
/* End PBXReferenceProxy section */

/* Begin PBXResourcesBuildPhase section */
		E372ECB5147EB81C008400D3 /* Resources */ = {
			isa = PBXResourcesBuildPhase;
			buildActionMask = 2147483647;
			files = (
				E372ECC8147EB81C008400D3 /* InfoPlist.strings in Resources */,
				E34394531484BD6C006343F4 /* ReadingViewController.xib in Resources */,
				E343946214860EE3006343F4 /* ReadingPlan.plist in Resources */,
				E34394691486952F006343F4 /* Read.png in Resources */,
				E343946B1486952F006343F4 /* Unread.png in Resources */,
			);
			runOnlyForDeploymentPostprocessing = 0;
		};
		E372ECE5147EB92D008400D3 /* Resources */ = {
			isa = PBXResourcesBuildPhase;
			buildActionMask = 2147483647;
			files = (
				E372ECF1147EB92E008400D3 /* InfoPlist.strings in Resources */,
				E34394541484BD6C006343F4 /* ReadingViewController.xib in Resources */,
				E343946A1486952F006343F4 /* Read.png in Resources */,
				E343946C1486952F006343F4 /* Unread.png in Resources */,
			);
			runOnlyForDeploymentPostprocessing = 0;
		};
/* End PBXResourcesBuildPhase section */

/* Begin PBXSourcesBuildPhase section */
		E372ECB3147EB81C008400D3 /* Sources */ = {
			isa = PBXSourcesBuildPhase;
			buildActionMask = 2147483647;
			files = (
				E372ECCA147EB81C008400D3 /* main.m in Sources */,
				E372ECCE147EB81C008400D3 /* AppDelegate.m in Sources */,
				E372ECD1147EB81C008400D3 /* FPCBReader.xcdatamodeld in Sources */,
				E3E8DB7E148044CF005DC2FE /* CachedPassage.m in Sources */,
				E3E8DB84148044D9005DC2FE /* DataManager.m in Sources */,
				E3E8DB86148044D9005DC2FE /* Reader.m in Sources */,
				E343943614836338006343F4 /* Reading.m in Sources */,
				E343943D1484AE16006343F4 /* NSDate+FPCBReader.m in Sources */,
				E34394451484BB3D006343F4 /* ReaderTabBarController.m in Sources */,
				E343945714853F8F006343F4 /* ReadingViewController.m in Sources */,
				E343945E148544BF006343F4 /* TodaysReadingDataSource.m in Sources */,
				E3CB81C9148729F80073AD87 /* NextUnreadReadingDataSource.m in Sources */,
			);
			runOnlyForDeploymentPostprocessing = 0;
		};
		E372ECE3147EB92D008400D3 /* Sources */ = {
			isa = PBXSourcesBuildPhase;
			buildActionMask = 2147483647;
			files = (
				E372ECF3147EB92E008400D3 /* main.m in Sources */,
				E3E8DB74147ED119005DC2FE /* SpecEnvironment.m in Sources */,
				E3E8DB79148043E6005DC2FE /* FPCBReader.xcdatamodeld in Sources */,
				E3E8DB7F148044CF005DC2FE /* CachedPassage.m in Sources */,
				E3E8DB85148044D9005DC2FE /* DataManager.m in Sources */,
				E3E8DB87148044D9005DC2FE /* Reader.m in Sources */,
				E31CFEFB14804A2A0004377F /* CachedPassageSpec.mm in Sources */,
				E343940814833DA0006343F4 /* CachedPassage+Spec.mm in Sources */,
				E343940B14834177006343F4 /* NotificationObserver.m in Sources */,
				E343943714836338006343F4 /* Reading.m in Sources */,
				E34394391483E38C006343F4 /* ReadingSpec.mm in Sources */,
				E343943E1484AE16006343F4 /* NSDate+FPCBReader.m in Sources */,
				E34394461484BB3D006343F4 /* ReaderTabBarController.m in Sources */,
				E343945814853F8F006343F4 /* ReadingViewController.m in Sources */,
				E343945B14854359006343F4 /* Todays_ReadingViewControllerSpec.mm in Sources */,
				E343945F148544BF006343F4 /* TodaysReadingDataSource.m in Sources */,
				E3CB81C6148729B80073AD87 /* NextUnread_ReadingViewControllerSpec.mm in Sources */,
				E3CB81CA148729F80073AD87 /* NextUnreadReadingDataSource.m in Sources */,
			);
			runOnlyForDeploymentPostprocessing = 0;
		};
/* End PBXSourcesBuildPhase section */

/* Begin PBXTargetDependency section */
		E343940D14834DA3006343F4 /* PBXTargetDependency */ = {
			isa = PBXTargetDependency;
			name = "PivotalSpecHelperKit-StaticLib";
			targetProxy = E343940C14834DA3006343F4 /* PBXContainerItemProxy */;
		};
/* End PBXTargetDependency section */

/* Begin PBXVariantGroup section */
		E372ECC6147EB81C008400D3 /* InfoPlist.strings */ = {
			isa = PBXVariantGroup;
			children = (
				E372ECC7147EB81C008400D3 /* en */,
			);
			name = InfoPlist.strings;
			sourceTree = "<group>";
		};
		E372ECEF147EB92E008400D3 /* InfoPlist.strings */ = {
			isa = PBXVariantGroup;
			children = (
				E372ECF0147EB92E008400D3 /* en */,
			);
			name = InfoPlist.strings;
			sourceTree = "<group>";
		};
/* End PBXVariantGroup section */

/* Begin XCBuildConfiguration section */
		E372ECD2147EB81C008400D3 /* Debug */ = {
			isa = XCBuildConfiguration;
			buildSettings = {
				ALWAYS_SEARCH_USER_PATHS = NO;
				ARCHS = "$(ARCHS_STANDARD_32_BIT)";
				"CODE_SIGN_IDENTITY[sdk=iphoneos*]" = "iPhone Developer";
				COPY_PHASE_STRIP = NO;
				GCC_C_LANGUAGE_STANDARD = gnu99;
				GCC_DYNAMIC_NO_PIC = NO;
				GCC_OPTIMIZATION_LEVEL = 0;
				GCC_PREPROCESSOR_DEFINITIONS = (
					"DEBUG=1",
					"$(inherited)",
				);
				GCC_SYMBOLS_PRIVATE_EXTERN = NO;
				GCC_VERSION = com.apple.compilers.llvm.clang.1_0;
				GCC_WARN_ABOUT_MISSING_PROTOTYPES = YES;
				GCC_WARN_ABOUT_RETURN_TYPE = YES;
				GCC_WARN_UNUSED_VARIABLE = YES;
				IPHONEOS_DEPLOYMENT_TARGET = 5.0;
				SDKROOT = iphoneos;
				TARGETED_DEVICE_FAMILY = "1,2";
			};
			name = Debug;
		};
		E372ECD3147EB81C008400D3 /* Release */ = {
			isa = XCBuildConfiguration;
			buildSettings = {
				ALWAYS_SEARCH_USER_PATHS = NO;
				ARCHS = "$(ARCHS_STANDARD_32_BIT)";
				"CODE_SIGN_IDENTITY[sdk=iphoneos*]" = "iPhone Developer";
				COPY_PHASE_STRIP = YES;
				GCC_C_LANGUAGE_STANDARD = gnu99;
				GCC_VERSION = com.apple.compilers.llvm.clang.1_0;
				GCC_WARN_ABOUT_MISSING_PROTOTYPES = YES;
				GCC_WARN_ABOUT_RETURN_TYPE = YES;
				GCC_WARN_UNUSED_VARIABLE = YES;
				IPHONEOS_DEPLOYMENT_TARGET = 5.0;
				OTHER_CFLAGS = "-DNS_BLOCK_ASSERTIONS=1";
				SDKROOT = iphoneos;
				TARGETED_DEVICE_FAMILY = "1,2";
				VALIDATE_PRODUCT = YES;
			};
			name = Release;
		};
		E372ECD5147EB81C008400D3 /* Debug */ = {
			isa = XCBuildConfiguration;
			buildSettings = {
				GCC_PRECOMPILE_PREFIX_HEADER = YES;
				GCC_PREFIX_HEADER = "FPCBReader/FPCBReader-Prefix.pch";
				INFOPLIST_FILE = "FPCBReader/FPCBReader-Info.plist";
				PRODUCT_NAME = "$(TARGET_NAME)";
				WRAPPER_EXTENSION = app;
			};
			name = Debug;
		};
		E372ECD6147EB81C008400D3 /* Release */ = {
			isa = XCBuildConfiguration;
			buildSettings = {
				GCC_PRECOMPILE_PREFIX_HEADER = YES;
				GCC_PREFIX_HEADER = "FPCBReader/FPCBReader-Prefix.pch";
				INFOPLIST_FILE = "FPCBReader/FPCBReader-Info.plist";
				PRODUCT_NAME = "$(TARGET_NAME)";
				WRAPPER_EXTENSION = app;
			};
			name = Release;
		};
		E372ECF9147EB92E008400D3 /* Debug */ = {
			isa = XCBuildConfiguration;
			buildSettings = {
				"CODE_SIGN_IDENTITY[sdk=iphoneos*]" = "iPhone Developer";
				FRAMEWORK_SEARCH_PATHS = (
					"$(inherited)",
					"\"$(SRCROOT)/Externals/Cedar/build/Debug-iphoneuniversal\"",
				);
				GCC_PRECOMPILE_PREFIX_HEADER = YES;
				GCC_PREFIX_HEADER = "UISpecs/UISpecs-Prefix.pch";
				HEADER_SEARCH_PATHS = "\"$(SRCROOT)/Externals/PivotalCoreKit/SpecHelperLib/**";
				INFOPLIST_FILE = "UISpecs/UISpecs-Info.plist";
				OTHER_LDFLAGS = (
					"-all_load",
					"-ObjC",
				);
				PRODUCT_NAME = "$(TARGET_NAME)";
				WRAPPER_EXTENSION = app;
			};
			name = Debug;
		};
		E372ECFA147EB92E008400D3 /* Release */ = {
			isa = XCBuildConfiguration;
			buildSettings = {
				"CODE_SIGN_IDENTITY[sdk=iphoneos*]" = "iPhone Developer";
				FRAMEWORK_SEARCH_PATHS = (
					"$(inherited)",
					"\"$(SRCROOT)/Externals/Cedar/build/Debug-iphoneuniversal\"",
				);
				GCC_PRECOMPILE_PREFIX_HEADER = YES;
				GCC_PREFIX_HEADER = "UISpecs/UISpecs-Prefix.pch";
				HEADER_SEARCH_PATHS = "\"$(SRCROOT)/Externals/PivotalCoreKit/SpecHelperLib/**";
				INFOPLIST_FILE = "UISpecs/UISpecs-Info.plist";
				OTHER_LDFLAGS = (
					"-all_load",
					"-ObjC",
				);
				PRODUCT_NAME = "$(TARGET_NAME)";
				WRAPPER_EXTENSION = app;
			};
			name = Release;
		};
/* End XCBuildConfiguration section */

/* Begin XCConfigurationList section */
		E372ECB1147EB81C008400D3 /* Build configuration list for PBXProject "FPCBReader" */ = {
			isa = XCConfigurationList;
			buildConfigurations = (
				E372ECD2147EB81C008400D3 /* Debug */,
				E372ECD3147EB81C008400D3 /* Release */,
			);
			defaultConfigurationIsVisible = 0;
			defaultConfigurationName = Release;
		};
		E372ECD4147EB81C008400D3 /* Build configuration list for PBXNativeTarget "FPCBReader" */ = {
			isa = XCConfigurationList;
			buildConfigurations = (
				E372ECD5147EB81C008400D3 /* Debug */,
				E372ECD6147EB81C008400D3 /* Release */,
			);
			defaultConfigurationIsVisible = 0;
			defaultConfigurationName = Release;
		};
		E372ECF8147EB92E008400D3 /* Build configuration list for PBXNativeTarget "UISpecs" */ = {
			isa = XCConfigurationList;
			buildConfigurations = (
				E372ECF9147EB92E008400D3 /* Debug */,
				E372ECFA147EB92E008400D3 /* Release */,
			);
			defaultConfigurationIsVisible = 0;
			defaultConfigurationName = Release;
		};
/* End XCConfigurationList section */

/* Begin XCVersionGroup section */
		E372ECCF147EB81C008400D3 /* FPCBReader.xcdatamodeld */ = {
			isa = XCVersionGroup;
			children = (
				E372ECD0147EB81C008400D3 /* FPCBReader.xcdatamodel */,
			);
			currentVersion = E372ECD0147EB81C008400D3 /* FPCBReader.xcdatamodel */;
			path = FPCBReader.xcdatamodeld;
			sourceTree = "<group>";
			versionGroupType = wrapper.xcdatamodel;
		};
/* End XCVersionGroup section */
	};
	rootObject = E372ECAE147EB81C008400D3 /* Project object */;
}
